// !$*UTF8*$!
{
	archiveVersion = 1;
	classes = {
	};
	objectVersion = 48;
	objects = {

/* Begin PBXBuildFile section */
		15F180531EF2F9E700732DCA /* AppDelegate.swift in Sources */ = {isa = PBXBuildFile; fileRef = 15F180521EF2F9E700732DCA /* AppDelegate.swift */; };
		15F180551EF2F9E700732DCA /* ViewController.swift in Sources */ = {isa = PBXBuildFile; fileRef = 15F180541EF2F9E700732DCA /* ViewController.swift */; };
		15F180581EF2F9E700732DCA /* Main.storyboard in Resources */ = {isa = PBXBuildFile; fileRef = 15F180561EF2F9E700732DCA /* Main.storyboard */; };
		15F1805A1EF2F9E700732DCA /* Assets.xcassets in Resources */ = {isa = PBXBuildFile; fileRef = 15F180591EF2F9E700732DCA /* Assets.xcassets */; };
		15F1805D1EF2F9E700732DCA /* LaunchScreen.storyboard in Resources */ = {isa = PBXBuildFile; fileRef = 15F1805B1EF2F9E700732DCA /* LaunchScreen.storyboard */; };
		15F180621EF2F9E700732DCA /* 04_timers WatchKit App.app in Embed Watch Content */ = {isa = PBXBuildFile; fileRef = 15F180611EF2F9E700732DCA /* 04_timers WatchKit App.app */; };
		15F180681EF2F9E700732DCA /* Interface.storyboard in Resources */ = {isa = PBXBuildFile; fileRef = 15F180661EF2F9E700732DCA /* Interface.storyboard */; };
		15F1806A1EF2F9E700732DCA /* Assets.xcassets in Resources */ = {isa = PBXBuildFile; fileRef = 15F180691EF2F9E700732DCA /* Assets.xcassets */; };
		15F180711EF2F9E700732DCA /* 04_timers WatchKit Extension.appex in Embed App Extensions */ = {isa = PBXBuildFile; fileRef = 15F180701EF2F9E700732DCA /* 04_timers WatchKit Extension.appex */; settings = {ATTRIBUTES = (RemoveHeadersOnCopy, ); }; };
		15F180761EF2F9E700732DCA /* InterfaceController.swift in Sources */ = {isa = PBXBuildFile; fileRef = 15F180751EF2F9E700732DCA /* InterfaceController.swift */; };
		15F180781EF2F9E700732DCA /* ExtensionDelegate.swift in Sources */ = {isa = PBXBuildFile; fileRef = 15F180771EF2F9E700732DCA /* ExtensionDelegate.swift */; };
		15F1807A1EF2F9E700732DCA /* Assets.xcassets in Resources */ = {isa = PBXBuildFile; fileRef = 15F180791EF2F9E700732DCA /* Assets.xcassets */; };
/* End PBXBuildFile section */

/* Begin PBXContainerItemProxy section */
		15F180631EF2F9E700732DCA /* PBXContainerItemProxy */ = {
			isa = PBXContainerItemProxy;
			containerPortal = 15F180471EF2F9E700732DCA /* Project object */;
			proxyType = 1;
			remoteGlobalIDString = 15F180601EF2F9E700732DCA;
			remoteInfo = "04_timers WatchKit App";
		};
		15F180721EF2F9E700732DCA /* PBXContainerItemProxy */ = {
			isa = PBXContainerItemProxy;
			containerPortal = 15F180471EF2F9E700732DCA /* Project object */;
			proxyType = 1;
			remoteGlobalIDString = 15F1806F1EF2F9E700732DCA;
			remoteInfo = "04_timers WatchKit Extension";
		};
/* End PBXContainerItemProxy section */

/* Begin PBXCopyFilesBuildPhase section */
		15F180811EF2F9E700732DCA /* Embed App Extensions */ = {
			isa = PBXCopyFilesBuildPhase;
			buildActionMask = 2147483647;
			dstPath = "";
			dstSubfolderSpec = 13;
			files = (
				15F180711EF2F9E700732DCA /* 04_timers WatchKit Extension.appex in Embed App Extensions */,
			);
			name = "Embed App Extensions";
			runOnlyForDeploymentPostprocessing = 0;
		};
		15F180851EF2F9E700732DCA /* Embed Watch Content */ = {
			isa = PBXCopyFilesBuildPhase;
			buildActionMask = 2147483647;
			dstPath = "$(CONTENTS_FOLDER_PATH)/Watch";
			dstSubfolderSpec = 16;
			files = (
				15F180621EF2F9E700732DCA /* 04_timers WatchKit App.app in Embed Watch Content */,
			);
			name = "Embed Watch Content";
			runOnlyForDeploymentPostprocessing = 0;
		};
/* End PBXCopyFilesBuildPhase section */

/* Begin PBXFileReference section */
		15F1804F1EF2F9E700732DCA /* 04_timers.app */ = {isa = PBXFileReference; explicitFileType = wrapper.application; includeInIndex = 0; path = 04_timers.app; sourceTree = BUILT_PRODUCTS_DIR; };
		15F180521EF2F9E700732DCA /* AppDelegate.swift */ = {isa = PBXFileReference; lastKnownFileType = sourcecode.swift; path = AppDelegate.swift; sourceTree = "<group>"; };
		15F180541EF2F9E700732DCA /* ViewController.swift */ = {isa = PBXFileReference; lastKnownFileType = sourcecode.swift; path = ViewController.swift; sourceTree = "<group>"; };
		15F180571EF2F9E700732DCA /* Base */ = {isa = PBXFileReference; lastKnownFileType = file.storyboard; name = Base; path = Base.lproj/Main.storyboard; sourceTree = "<group>"; };
		15F180591EF2F9E700732DCA /* Assets.xcassets */ = {isa = PBXFileReference; lastKnownFileType = folder.assetcatalog; path = Assets.xcassets; sourceTree = "<group>"; };
		15F1805C1EF2F9E700732DCA /* Base */ = {isa = PBXFileReference; lastKnownFileType = file.storyboard; name = Base; path = Base.lproj/LaunchScreen.storyboard; sourceTree = "<group>"; };
		15F1805E1EF2F9E700732DCA /* Info.plist */ = {isa = PBXFileReference; lastKnownFileType = text.plist.xml; path = Info.plist; sourceTree = "<group>"; };
		15F180611EF2F9E700732DCA /* 04_timers WatchKit App.app */ = {isa = PBXFileReference; explicitFileType = wrapper.application; includeInIndex = 0; path = "04_timers WatchKit App.app"; sourceTree = BUILT_PRODUCTS_DIR; };
		15F180671EF2F9E700732DCA /* Base */ = {isa = PBXFileReference; lastKnownFileType = file.storyboard; name = Base; path = Base.lproj/Interface.storyboard; sourceTree = "<group>"; };
		15F180691EF2F9E700732DCA /* Assets.xcassets */ = {isa = PBXFileReference; lastKnownFileType = folder.assetcatalog; path = Assets.xcassets; sourceTree = "<group>"; };
		15F1806B1EF2F9E700732DCA /* Info.plist */ = {isa = PBXFileReference; lastKnownFileType = text.plist.xml; path = Info.plist; sourceTree = "<group>"; };
		15F180701EF2F9E700732DCA /* 04_timers WatchKit Extension.appex */ = {isa = PBXFileReference; explicitFileType = "wrapper.app-extension"; includeInIndex = 0; path = "04_timers WatchKit Extension.appex"; sourceTree = BUILT_PRODUCTS_DIR; };
		15F180751EF2F9E700732DCA /* InterfaceController.swift */ = {isa = PBXFileReference; lastKnownFileType = sourcecode.swift; path = InterfaceController.swift; sourceTree = "<group>"; };
		15F180771EF2F9E700732DCA /* ExtensionDelegate.swift */ = {isa = PBXFileReference; lastKnownFileType = sourcecode.swift; path = ExtensionDelegate.swift; sourceTree = "<group>"; };
		15F180791EF2F9E700732DCA /* Assets.xcassets */ = {isa = PBXFileReference; lastKnownFileType = folder.assetcatalog; path = Assets.xcassets; sourceTree = "<group>"; };
		15F1807B1EF2F9E700732DCA /* Info.plist */ = {isa = PBXFileReference; lastKnownFileType = text.plist.xml; path = Info.plist; sourceTree = "<group>"; };
/* End PBXFileReference section */

/* Begin PBXFrameworksBuildPhase section */
		15F1804C1EF2F9E700732DCA /* Frameworks */ = {
			isa = PBXFrameworksBuildPhase;
			buildActionMask = 2147483647;
			files = (
			);
			runOnlyForDeploymentPostprocessing = 0;
		};
		15F1806D1EF2F9E700732DCA /* Frameworks */ = {
			isa = PBXFrameworksBuildPhase;
			buildActionMask = 2147483647;
			files = (
			);
			runOnlyForDeploymentPostprocessing = 0;
		};
/* End PBXFrameworksBuildPhase section */

/* Begin PBXGroup section */
		15F180461EF2F9E700732DCA = {
			isa = PBXGroup;
			children = (
				15F180511EF2F9E700732DCA /* 04_timers */,
				15F180651EF2F9E700732DCA /* 04_timers WatchKit App */,
				15F180741EF2F9E700732DCA /* 04_timers WatchKit Extension */,
				15F180501EF2F9E700732DCA /* Products */,
			);
			sourceTree = "<group>";
		};
		15F180501EF2F9E700732DCA /* Products */ = {
			isa = PBXGroup;
			children = (
				15F1804F1EF2F9E700732DCA /* 04_timers.app */,
				15F180611EF2F9E700732DCA /* 04_timers WatchKit App.app */,
				15F180701EF2F9E700732DCA /* 04_timers WatchKit Extension.appex */,
			);
			name = Products;
			sourceTree = "<group>";
		};
		15F180511EF2F9E700732DCA /* 04_timers */ = {
			isa = PBXGroup;
			children = (
				15F180521EF2F9E700732DCA /* AppDelegate.swift */,
				15F180541EF2F9E700732DCA /* ViewController.swift */,
				15F180561EF2F9E700732DCA /* Main.storyboard */,
				15F180591EF2F9E700732DCA /* Assets.xcassets */,
				15F1805B1EF2F9E700732DCA /* LaunchScreen.storyboard */,
				15F1805E1EF2F9E700732DCA /* Info.plist */,
			);
			path = 04_timers;
			sourceTree = "<group>";
		};
		15F180651EF2F9E700732DCA /* 04_timers WatchKit App */ = {
			isa = PBXGroup;
			children = (
				15F180661EF2F9E700732DCA /* Interface.storyboard */,
				15F180691EF2F9E700732DCA /* Assets.xcassets */,
				15F1806B1EF2F9E700732DCA /* Info.plist */,
			);
			path = "04_timers WatchKit App";
			sourceTree = "<group>";
		};
		15F180741EF2F9E700732DCA /* 04_timers WatchKit Extension */ = {
			isa = PBXGroup;
			children = (
				15F180751EF2F9E700732DCA /* InterfaceController.swift */,
				15F180771EF2F9E700732DCA /* ExtensionDelegate.swift */,
				15F180791EF2F9E700732DCA /* Assets.xcassets */,
				15F1807B1EF2F9E700732DCA /* Info.plist */,
			);
			path = "04_timers WatchKit Extension";
			sourceTree = "<group>";
		};
/* End PBXGroup section */

/* Begin PBXNativeTarget section */
		15F1804E1EF2F9E700732DCA /* 04_timers */ = {
			isa = PBXNativeTarget;
			buildConfigurationList = 15F180861EF2F9E700732DCA /* Build configuration list for PBXNativeTarget "04_timers" */;
			buildPhases = (
				15F1804B1EF2F9E700732DCA /* Sources */,
				15F1804C1EF2F9E700732DCA /* Frameworks */,
				15F1804D1EF2F9E700732DCA /* Resources */,
				15F180851EF2F9E700732DCA /* Embed Watch Content */,
			);
			buildRules = (
			);
			dependencies = (
				15F180641EF2F9E700732DCA /* PBXTargetDependency */,
			);
			name = 04_timers;
			productName = 04_timers;
			productReference = 15F1804F1EF2F9E700732DCA /* 04_timers.app */;
			productType = "com.apple.product-type.application";
		};
		15F180601EF2F9E700732DCA /* 04_timers WatchKit App */ = {
			isa = PBXNativeTarget;
			buildConfigurationList = 15F180821EF2F9E700732DCA /* Build configuration list for PBXNativeTarget "04_timers WatchKit App" */;
			buildPhases = (
				15F1805F1EF2F9E700732DCA /* Resources */,
				15F180811EF2F9E700732DCA /* Embed App Extensions */,
			);
			buildRules = (
			);
			dependencies = (
				15F180731EF2F9E700732DCA /* PBXTargetDependency */,
			);
			name = "04_timers WatchKit App";
			productName = "04_timers WatchKit App";
			productReference = 15F180611EF2F9E700732DCA /* 04_timers WatchKit App.app */;
			productType = "com.apple.product-type.application.watchapp2";
		};
		15F1806F1EF2F9E700732DCA /* 04_timers WatchKit Extension */ = {
			isa = PBXNativeTarget;
			buildConfigurationList = 15F1807E1EF2F9E700732DCA /* Build configuration list for PBXNativeTarget "04_timers WatchKit Extension" */;
			buildPhases = (
				15F1806C1EF2F9E700732DCA /* Sources */,
				15F1806D1EF2F9E700732DCA /* Frameworks */,
				15F1806E1EF2F9E700732DCA /* Resources */,
			);
			buildRules = (
			);
			dependencies = (
			);
			name = "04_timers WatchKit Extension";
			productName = "04_timers WatchKit Extension";
			productReference = 15F180701EF2F9E700732DCA /* 04_timers WatchKit Extension.appex */;
			productType = "com.apple.product-type.watchkit2-extension";
		};
/* End PBXNativeTarget section */

/* Begin PBXProject section */
		15F180471EF2F9E700732DCA /* Project object */ = {
			isa = PBXProject;
			attributes = {
				LastSwiftUpdateCheck = 0900;
				LastUpgradeCheck = 0900;
				ORGANIZATIONNAME = "Mammoth Interactive";
				TargetAttributes = {
					15F1804E1EF2F9E700732DCA = {
						CreatedOnToolsVersion = 9.0;
					};
					15F180601EF2F9E700732DCA = {
						CreatedOnToolsVersion = 9.0;
					};
					15F1806F1EF2F9E700732DCA = {
						CreatedOnToolsVersion = 9.0;
					};
				};
			};
			buildConfigurationList = 15F1804A1EF2F9E700732DCA /* Build configuration list for PBXProject "04_timers" */;
			compatibilityVersion = "Xcode 8.0";
			developmentRegion = en;
			hasScannedForEncodings = 0;
			knownRegions = (
				en,
				Base,
			);
			mainGroup = 15F180461EF2F9E700732DCA;
			productRefGroup = 15F180501EF2F9E700732DCA /* Products */;
			projectDirPath = "";
			projectRoot = "";
			targets = (
				15F1804E1EF2F9E700732DCA /* 04_timers */,
				15F180601EF2F9E700732DCA /* 04_timers WatchKit App */,
				15F1806F1EF2F9E700732DCA /* 04_timers WatchKit Extension */,
			);
		};
/* End PBXProject section */

/* Begin PBXResourcesBuildPhase section */
		15F1804D1EF2F9E700732DCA /* Resources */ = {
			isa = PBXResourcesBuildPhase;
			buildActionMask = 2147483647;
			files = (
				15F1805D1EF2F9E700732DCA /* LaunchScreen.storyboard in Resources */,
				15F1805A1EF2F9E700732DCA /* Assets.xcassets in Resources */,
				15F180581EF2F9E700732DCA /* Main.storyboard in Resources */,
			);
			runOnlyForDeploymentPostprocessing = 0;
		};
		15F1805F1EF2F9E700732DCA /* Resources */ = {
			isa = PBXResourcesBuildPhase;
			buildActionMask = 2147483647;
			files = (
				15F1806A1EF2F9E700732DCA /* Assets.xcassets in Resources */,
				15F180681EF2F9E700732DCA /* Interface.storyboard in Resources */,
			);
			runOnlyForDeploymentPostprocessing = 0;
		};
		15F1806E1EF2F9E700732DCA /* Resources */ = {
			isa = PBXResourcesBuildPhase;
			buildActionMask = 2147483647;
			files = (
				15F1807A1EF2F9E700732DCA /* Assets.xcassets in Resources */,
			);
			runOnlyForDeploymentPostprocessing = 0;
		};
/* End PBXResourcesBuildPhase section */

/* Begin PBXSourcesBuildPhase section */
		15F1804B1EF2F9E700732DCA /* Sources */ = {
			isa = PBXSourcesBuildPhase;
			buildActionMask = 2147483647;
			files = (
				15F180551EF2F9E700732DCA /* ViewController.swift in Sources */,
				15F180531EF2F9E700732DCA /* AppDelegate.swift in Sources */,
			);
			runOnlyForDeploymentPostprocessing = 0;
		};
		15F1806C1EF2F9E700732DCA /* Sources */ = {
			isa = PBXSourcesBuildPhase;
			buildActionMask = 2147483647;
			files = (
				15F180781EF2F9E700732DCA /* ExtensionDelegate.swift in Sources */,
				15F180761EF2F9E700732DCA /* InterfaceController.swift in Sources */,
			);
			runOnlyForDeploymentPostprocessing = 0;
		};
/* End PBXSourcesBuildPhase section */

/* Begin PBXTargetDependency section */
		15F180641EF2F9E700732DCA /* PBXTargetDependency */ = {
			isa = PBXTargetDependency;
			target = 15F180601EF2F9E700732DCA /* 04_timers WatchKit App */;
			targetProxy = 15F180631EF2F9E700732DCA /* PBXContainerItemProxy */;
		};
		15F180731EF2F9E700732DCA /* PBXTargetDependency */ = {
			isa = PBXTargetDependency;
			target = 15F1806F1EF2F9E700732DCA /* 04_timers WatchKit Extension */;
			targetProxy = 15F180721EF2F9E700732DCA /* PBXContainerItemProxy */;
		};
/* End PBXTargetDependency section */

/* Begin PBXVariantGroup section */
		15F180561EF2F9E700732DCA /* Main.storyboard */ = {
			isa = PBXVariantGroup;
			children = (
				15F180571EF2F9E700732DCA /* Base */,
			);
			name = Main.storyboard;
			sourceTree = "<group>";
		};
		15F1805B1EF2F9E700732DCA /* LaunchScreen.storyboard */ = {
			isa = PBXVariantGroup;
			children = (
				15F1805C1EF2F9E700732DCA /* Base */,
			);
			name = LaunchScreen.storyboard;
			sourceTree = "<group>";
		};
		15F180661EF2F9E700732DCA /* Interface.storyboard */ = {
			isa = PBXVariantGroup;
			children = (
				15F180671EF2F9E700732DCA /* Base */,
			);
			name = Interface.storyboard;
			sourceTree = "<group>";
		};
/* End PBXVariantGroup section */

/* Begin XCBuildConfiguration section */
		15F1807C1EF2F9E700732DCA /* Debug */ = {
			isa = XCBuildConfiguration;
			buildSettings = {
				ALWAYS_SEARCH_USER_PATHS = NO;
				CLANG_ANALYZER_NONNULL = YES;
				CLANG_ANALYZER_NUMBER_OBJECT_CONVERSION = YES_AGGRESSIVE;
				CLANG_CXX_LANGUAGE_STANDARD = "gnu++14";
				CLANG_CXX_LIBRARY = "libc++";
				CLANG_ENABLE_MODULES = YES;
				CLANG_ENABLE_OBJC_ARC = YES;
				CLANG_WARN_BLOCK_CAPTURE_AUTORELEASING = YES;
				CLANG_WARN_BOOL_CONVERSION = YES;
				CLANG_WARN_COMMA = YES;
				CLANG_WARN_CONSTANT_CONVERSION = YES;
				CLANG_WARN_DIRECT_OBJC_ISA_USAGE = YES_ERROR;
				CLANG_WARN_DOCUMENTATION_COMMENTS = YES;
				CLANG_WARN_EMPTY_BODY = YES;
				CLANG_WARN_ENUM_CONVERSION = YES;
				CLANG_WARN_INFINITE_RECURSION = YES;
				CLANG_WARN_INT_CONVERSION = YES;
				CLANG_WARN_OBJC_ROOT_CLASS = YES_ERROR;
				CLANG_WARN_RANGE_LOOP_ANALYSIS = YES;
				CLANG_WARN_STRICT_PROTOTYPES = YES;
				CLANG_WARN_SUSPICIOUS_MOVE = YES;
				CLANG_WARN_UNGUARDED_AVAILABILITY = YES_AGGRESSIVE;
				CLANG_WARN_UNREACHABLE_CODE = YES;
				CLANG_WARN__DUPLICATE_METHOD_MATCH = YES;
				CODE_SIGN_IDENTITY = "iPhone Developer";
				COPY_PHASE_STRIP = NO;
				DEBUG_INFORMATION_FORMAT = dwarf;
				ENABLE_STRICT_OBJC_MSGSEND = YES;
				ENABLE_TESTABILITY = YES;
				GCC_C_LANGUAGE_STANDARD = gnu11;
				GCC_DYNAMIC_NO_PIC = NO;
				GCC_NO_COMMON_BLOCKS = YES;
				GCC_OPTIMIZATION_LEVEL = 0;
				GCC_PREPROCESSOR_DEFINITIONS = (
					"DEBUG=1",
					"$(inherited)",
				);
				GCC_WARN_64_TO_32_BIT_CONVERSION = YES;
				GCC_WARN_ABOUT_RETURN_TYPE = YES_ERROR;
				GCC_WARN_UNDECLARED_SELECTOR = YES;
				GCC_WARN_UNINITIALIZED_AUTOS = YES_AGGRESSIVE;
				GCC_WARN_UNUSED_FUNCTION = YES;
				GCC_WARN_UNUSED_VARIABLE = YES;
				IPHONEOS_DEPLOYMENT_TARGET = 11.0;
				MTL_ENABLE_DEBUG_INFO = YES;
				ONLY_ACTIVE_ARCH = YES;
				SDKROOT = iphoneos;
				SWIFT_ACTIVE_COMPILATION_CONDITIONS = DEBUG;
				SWIFT_OPTIMIZATION_LEVEL = "-Onone";
			};
			name = Debug;
		};
		15F1807D1EF2F9E700732DCA /* Release */ = {
			isa = XCBuildConfiguration;
			buildSettings = {
				ALWAYS_SEARCH_USER_PATHS = NO;
				CLANG_ANALYZER_NONNULL = YES;
				CLANG_ANALYZER_NUMBER_OBJECT_CONVERSION = YES_AGGRESSIVE;
				CLANG_CXX_LANGUAGE_STANDARD = "gnu++14";
				CLANG_CXX_LIBRARY = "libc++";
				CLANG_ENABLE_MODULES = YES;
				CLANG_ENABLE_OBJC_ARC = YES;
				CLANG_WARN_BLOCK_CAPTURE_AUTORELEASING = YES;
				CLANG_WARN_BOOL_CONVERSION = YES;
				CLANG_WARN_COMMA = YES;
				CLANG_WARN_CONSTANT_CONVERSION = YES;
				CLANG_WARN_DIRECT_OBJC_ISA_USAGE = YES_ERROR;
				CLANG_WARN_DOCUMENTATION_COMMENTS = YES;
				CLANG_WARN_EMPTY_BODY = YES;
				CLANG_WARN_ENUM_CONVERSION = YES;
				CLANG_WARN_INFINITE_RECURSION = YES;
				CLANG_WARN_INT_CONVERSION = YES;
				CLANG_WARN_OBJC_ROOT_CLASS = YES_ERROR;
				CLANG_WARN_RANGE_LOOP_ANALYSIS = YES;
				CLANG_WARN_STRICT_PROTOTYPES = YES;
				CLANG_WARN_SUSPICIOUS_MOVE = YES;
				CLANG_WARN_UNGUARDED_AVAILABILITY = YES_AGGRESSIVE;
				CLANG_WARN_UNREACHABLE_CODE = YES;
				CLANG_WARN__DUPLICATE_METHOD_MATCH = YES;
				CODE_SIGN_IDENTITY = "iPhone Developer";
				COPY_PHASE_STRIP = NO;
				DEBUG_INFORMATION_FORMAT = "dwarf-with-dsym";
				ENABLE_NS_ASSERTIONS = NO;
				ENABLE_STRICT_OBJC_MSGSEND = YES;
				GCC_C_LANGUAGE_STANDARD = gnu11;
				GCC_NO_COMMON_BLOCKS = YES;
				GCC_WARN_64_TO_32_BIT_CONVERSION = YES;
				GCC_WARN_ABOUT_RETURN_TYPE = YES_ERROR;
				GCC_WARN_UNDECLARED_SELECTOR = YES;
				GCC_WARN_UNINITIALIZED_AUTOS = YES_AGGRESSIVE;
				GCC_WARN_UNUSED_FUNCTION = YES;
				GCC_WARN_UNUSED_VARIABLE = YES;
				IPHONEOS_DEPLOYMENT_TARGET = 11.0;
				MTL_ENABLE_DEBUG_INFO = NO;
				SDKROOT = iphoneos;
				SWIFT_OPTIMIZATION_LEVEL = "-Owholemodule";
				VALIDATE_PRODUCT = YES;
			};
			name = Release;
		};
		15F1807F1EF2F9E700732DCA /* Debug */ = {
			isa = XCBuildConfiguration;
			buildSettings = {
				ASSETCATALOG_COMPILER_COMPLICATION_NAME = Complication;
				INFOPLIST_FILE = "04_timers WatchKit Extension/Info.plist";
				LD_RUNPATH_SEARCH_PATHS = "$(inherited) @executable_path/Frameworks @executable_path/../../Frameworks";
				PRODUCT_BUNDLE_IDENTIFIER = "mammothinteractive.-4-timers.watchkitapp.watchkitextension";
				PRODUCT_NAME = "${TARGET_NAME}";
				SDKROOT = watchos;
				SKIP_INSTALL = YES;
				SWIFT_VERSION = 4.0;
				TARGETED_DEVICE_FAMILY = 4;
				WATCHOS_DEPLOYMENT_TARGET = 4.0;
			};
			name = Debug;
		};
		15F180801EF2F9E700732DCA /* Release */ = {
			isa = XCBuildConfiguration;
			buildSettings = {
				ASSETCATALOG_COMPILER_COMPLICATION_NAME = Complication;
				INFOPLIST_FILE = "04_timers WatchKit Extension/Info.plist";
				LD_RUNPATH_SEARCH_PATHS = "$(inherited) @executable_path/Frameworks @executable_path/../../Frameworks";
				PRODUCT_BUNDLE_IDENTIFIER = "mammothinteractive.-4-timers.watchkitapp.watchkitextension";
				PRODUCT_NAME = "${TARGET_NAME}";
				SDKROOT = watchos;
				SKIP_INSTALL = YES;
				SWIFT_VERSION = 4.0;
				TARGETED_DEVICE_FAMILY = 4;
				WATCHOS_DEPLOYMENT_TARGET = 4.0;
			};
			name = Release;
		};
		15F180831EF2F9E700732DCA /* Debug */ = {
			isa = XCBuildConfiguration;
			buildSettings = {
				ALWAYS_EMBED_SWIFT_STANDARD_LIBRARIES = YES;
				ASSETCATALOG_COMPILER_APPICON_NAME = AppIcon;
				IBSC_MODULE = _4_timers_WatchKit_Extension;
				INFOPLIST_FILE = "04_timers WatchKit App/Info.plist";
				PRODUCT_BUNDLE_IDENTIFIER = "mammothinteractive.-4-timers.watchkitapp";
				PRODUCT_NAME = "$(TARGET_NAME)";
				SDKROOT = watchos;
				SKIP_INSTALL = YES;
				SWIFT_VERSION = 4.0;
				TARGETED_DEVICE_FAMILY = 4;
				WATCHOS_DEPLOYMENT_TARGET = 4.0;
			};
			name = Debug;
		};
		15F180841EF2F9E700732DCA /* Release */ = {
			isa = XCBuildConfiguration;
			buildSettings = {
				ALWAYS_EMBED_SWIFT_STANDARD_LIBRARIES = YES;
				ASSETCATALOG_COMPILER_APPICON_NAME = AppIcon;
				IBSC_MODULE = _4_timers_WatchKit_Extension;
				INFOPLIST_FILE = "04_timers WatchKit App/Info.plist";
				PRODUCT_BUNDLE_IDENTIFIER = "mammothinteractive.-4-timers.watchkitapp";
				PRODUCT_NAME = "$(TARGET_NAME)";
				SDKROOT = watchos;
				SKIP_INSTALL = YES;
				SWIFT_VERSION = 4.0;
				TARGETED_DEVICE_FAMILY = 4;
				WATCHOS_DEPLOYMENT_TARGET = 4.0;
			};
			name = Release;
		};
		15F180871EF2F9E700732DCA /* Debug */ = {
			isa = XCBuildConfiguration;
			buildSettings = {
				ASSETCATALOG_COMPILER_APPICON_NAME = AppIcon;
				INFOPLIST_FILE = 04_timers/Info.plist;
				LD_RUNPATH_SEARCH_PATHS = "$(inherited) @executable_path/Frameworks";
				PRODUCT_BUNDLE_IDENTIFIER = "mammothinteractive.-4-timers";
				PRODUCT_NAME = "$(TARGET_NAME)";
				SWIFT_VERSION = 4.0;
				TARGETED_DEVICE_FAMILY = "1,2";
			};
			name = Debug;
		};
		15F180881EF2F9E700732DCA /* Release */ = {
			isa = XCBuildConfiguration;
			buildSettings = {
				ASSETCATALOG_COMPILER_APPICON_NAME = AppIcon;
				INFOPLIST_FILE = 04_timers/Info.plist;
				LD_RUNPATH_SEARCH_PATHS = "$(inherited) @executable_path/Frameworks";
				PRODUCT_BUNDLE_IDENTIFIER = "mammothinteractive.-4-timers";
				PRODUCT_NAME = "$(TARGET_NAME)";
				SWIFT_VERSION = 4.0;
				TARGETED_DEVICE_FAMILY = "1,2";
			};
			name = Release;
		};
/* End XCBuildConfiguration section */

/* Begin XCConfigurationList section */
		15F1804A1EF2F9E700732DCA /* Build configuration list for PBXProject "04_timers" */ = {
			isa = XCConfigurationList;
			buildConfigurations = (
				15F1807C1EF2F9E700732DCA /* Debug */,
				15F1807D1EF2F9E700732DCA /* Release */,
			);
			defaultConfigurationIsVisible = 0;
			defaultConfigurationName = Release;
		};
		15F1807E1EF2F9E700732DCA /* Build configuration list for PBXNativeTarget "04_timers WatchKit Extension" */ = {
			isa = XCConfigurationList;
			buildConfigurations = (
				15F1807F1EF2F9E700732DCA /* Debug */,
				15F180801EF2F9E700732DCA /* Release */,
			);
			defaultConfigurationIsVisible = 0;
		};
		15F180821EF2F9E700732DCA /* Build configuration list for PBXNativeTarget "04_timers WatchKit App" */ = {
			isa = XCConfigurationList;
			buildConfigurations = (
				15F180831EF2F9E700732DCA /* Debug */,
				15F180841EF2F9E700732DCA /* Release */,
			);
			defaultConfigurationIsVisible = 0;
		};
		15F180861EF2F9E700732DCA /* Build configuration list for PBXNativeTarget "04_timers" */ = {
			isa = XCConfigurationList;
			buildConfigurations = (
				15F180871EF2F9E700732DCA /* Debug */,
				15F180881EF2F9E700732DCA /* Release */,
			);
			defaultConfigurationIsVisible = 0;
		};
/* End XCConfigurationList section */
	};
	rootObject = 15F180471EF2F9E700732DCA /* Project object */;
}
