// !$*UTF8*$!
{
	archiveVersion = 1;
	classes = {
	};
	objectVersion = 48;
	objects = {

/* Begin PBXBuildFile section */
		586641239C106D07A9D49B77 /* Pods_DemoFireBase.framework in Frameworks */ = {isa = PBXBuildFile; fileRef = 452DAB99BF5CB09CEF355DF8 /* Pods_DemoFireBase.framework */; };
		8EFDF68020BD722E0092764F /* AppDelegate.swift in Sources */ = {isa = PBXBuildFile; fileRef = 8EFDF67F20BD722E0092764F /* AppDelegate.swift */; };
		8EFDF68220BD722E0092764F /* ViewController.swift in Sources */ = {isa = PBXBuildFile; fileRef = 8EFDF68120BD722E0092764F /* ViewController.swift */; };
		8EFDF68520BD722E0092764F /* Main.storyboard in Resources */ = {isa = PBXBuildFile; fileRef = 8EFDF68320BD722E0092764F /* Main.storyboard */; };
		8EFDF68720BD722E0092764F /* Assets.xcassets in Resources */ = {isa = PBXBuildFile; fileRef = 8EFDF68620BD722E0092764F /* Assets.xcassets */; };
		8EFDF68A20BD722E0092764F /* LaunchScreen.storyboard in Resources */ = {isa = PBXBuildFile; fileRef = 8EFDF68820BD722E0092764F /* LaunchScreen.storyboard */; };
		8EFDF69220BD76850092764F /* GoogleService-Info.plist in Resources */ = {isa = PBXBuildFile; fileRef = 8EFDF69120BD76850092764F /* GoogleService-Info.plist */; };
/* End PBXBuildFile section */

/* Begin PBXFileReference section */
		452DAB99BF5CB09CEF355DF8 /* Pods_DemoFireBase.framework */ = {isa = PBXFileReference; explicitFileType = wrapper.framework; includeInIndex = 0; path = Pods_DemoFireBase.framework; sourceTree = BUILT_PRODUCTS_DIR; };
		579EF09211193CFFD4BE6995 /* Pods-DemoFireBase.debug.xcconfig */ = {isa = PBXFileReference; includeInIndex = 1; lastKnownFileType = text.xcconfig; name = "Pods-DemoFireBase.debug.xcconfig"; path = "Pods/Target Support Files/Pods-DemoFireBase/Pods-DemoFireBase.debug.xcconfig"; sourceTree = "<group>"; };
		8EFDF67C20BD722E0092764F /* DemoFireBase.app */ = {isa = PBXFileReference; explicitFileType = wrapper.application; includeInIndex = 0; path = DemoFireBase.app; sourceTree = BUILT_PRODUCTS_DIR; };
		8EFDF67F20BD722E0092764F /* AppDelegate.swift */ = {isa = PBXFileReference; lastKnownFileType = sourcecode.swift; path = AppDelegate.swift; sourceTree = "<group>"; };
		8EFDF68120BD722E0092764F /* ViewController.swift */ = {isa = PBXFileReference; lastKnownFileType = sourcecode.swift; path = ViewController.swift; sourceTree = "<group>"; };
		8EFDF68420BD722E0092764F /* Base */ = {isa = PBXFileReference; lastKnownFileType = file.storyboard; name = Base; path = Base.lproj/Main.storyboard; sourceTree = "<group>"; };
		8EFDF68620BD722E0092764F /* Assets.xcassets */ = {isa = PBXFileReference; lastKnownFileType = folder.assetcatalog; path = Assets.xcassets; sourceTree = "<group>"; };
		8EFDF68920BD722E0092764F /* Base */ = {isa = PBXFileReference; lastKnownFileType = file.storyboard; name = Base; path = Base.lproj/LaunchScreen.storyboard; sourceTree = "<group>"; };
		8EFDF68B20BD722E0092764F /* Info.plist */ = {isa = PBXFileReference; lastKnownFileType = text.plist.xml; path = Info.plist; sourceTree = "<group>"; };
		8EFDF69120BD76850092764F /* GoogleService-Info.plist */ = {isa = PBXFileReference; fileEncoding = 4; lastKnownFileType = text.plist.xml; path = "GoogleService-Info.plist"; sourceTree = "<group>"; };
		C98DB49102ECC6C5A3A2B310 /* Pods-DemoFireBase.release.xcconfig */ = {isa = PBXFileReference; includeInIndex = 1; lastKnownFileType = text.xcconfig; name = "Pods-DemoFireBase.release.xcconfig"; path = "Pods/Target Support Files/Pods-DemoFireBase/Pods-DemoFireBase.release.xcconfig"; sourceTree = "<group>"; };
/* End PBXFileReference section */

/* Begin PBXFrameworksBuildPhase section */
		8EFDF67920BD722E0092764F /* Frameworks */ = {
			isa = PBXFrameworksBuildPhase;
			buildActionMask = 2147483647;
			files = (
				586641239C106D07A9D49B77 /* Pods_DemoFireBase.framework in Frameworks */,
			);
			runOnlyForDeploymentPostprocessing = 0;
		};
/* End PBXFrameworksBuildPhase section */

/* Begin PBXGroup section */
		8EFDF67320BD722E0092764F = {
			isa = PBXGroup;
			children = (
				8EFDF67E20BD722E0092764F /* DemoFireBase */,
				8EFDF67D20BD722E0092764F /* Products */,
				F6AAE779271FAB1928093A00 /* Pods */,
				AC1A39C6EE6CEB87D19C2736 /* Frameworks */,
			);
			sourceTree = "<group>";
		};
		8EFDF67D20BD722E0092764F /* Products */ = {
			isa = PBXGroup;
			children = (
				8EFDF67C20BD722E0092764F /* DemoFireBase.app */,
			);
			name = Products;
			sourceTree = "<group>";
		};
		8EFDF67E20BD722E0092764F /* DemoFireBase */ = {
			isa = PBXGroup;
			children = (
				8EFDF69120BD76850092764F /* GoogleService-Info.plist */,
				8EFDF67F20BD722E0092764F /* AppDelegate.swift */,
				8EFDF68120BD722E0092764F /* ViewController.swift */,
				8EFDF68320BD722E0092764F /* Main.storyboard */,
				8EFDF68620BD722E0092764F /* Assets.xcassets */,
				8EFDF68820BD722E0092764F /* LaunchScreen.storyboard */,
				8EFDF68B20BD722E0092764F /* Info.plist */,
			);
			path = DemoFireBase;
			sourceTree = "<group>";
		};
		AC1A39C6EE6CEB87D19C2736 /* Frameworks */ = {
			isa = PBXGroup;
			children = (
				452DAB99BF5CB09CEF355DF8 /* Pods_DemoFireBase.framework */,
			);
			name = Frameworks;
			sourceTree = "<group>";
		};
		F6AAE779271FAB1928093A00 /* Pods */ = {
			isa = PBXGroup;
			children = (
				579EF09211193CFFD4BE6995 /* Pods-DemoFireBase.debug.xcconfig */,
				C98DB49102ECC6C5A3A2B310 /* Pods-DemoFireBase.release.xcconfig */,
			);
			name = Pods;
			sourceTree = "<group>";
		};
/* End PBXGroup section */

/* Begin PBXNativeTarget section */
		8EFDF67B20BD722E0092764F /* DemoFireBase */ = {
			isa = PBXNativeTarget;
			buildConfigurationList = 8EFDF68E20BD722E0092764F /* Build configuration list for PBXNativeTarget "DemoFireBase" */;
			buildPhases = (
				E64071E14C6741BFCD86C69F /* [CP] Check Pods Manifest.lock */,
				8EFDF67820BD722E0092764F /* Sources */,
				8EFDF67920BD722E0092764F /* Frameworks */,
				8EFDF67A20BD722E0092764F /* Resources */,
				41A4623F3EE6CC28B8C7A637 /* [CP] Embed Pods Frameworks */,
			);
			buildRules = (
			);
			dependencies = (
			);
			name = DemoFireBase;
			productName = DemoFireBase;
			productReference = 8EFDF67C20BD722E0092764F /* DemoFireBase.app */;
			productType = "com.apple.product-type.application";
		};
/* End PBXNativeTarget section */

/* Begin PBXProject section */
		8EFDF67420BD722E0092764F /* Project object */ = {
			isa = PBXProject;
			attributes = {
				LastSwiftUpdateCheck = 0920;
				LastUpgradeCheck = 0920;
				ORGANIZATIONNAME = "An Nguyễn";
				TargetAttributes = {
					8EFDF67B20BD722E0092764F = {
						CreatedOnToolsVersion = 9.2;
						ProvisioningStyle = Automatic;
					};
				};
			};
			buildConfigurationList = 8EFDF67720BD722E0092764F /* Build configuration list for PBXProject "DemoFireBase" */;
			compatibilityVersion = "Xcode 8.0";
			developmentRegion = en;
			hasScannedForEncodings = 0;
			knownRegions = (
				en,
				Base,
			);
			mainGroup = 8EFDF67320BD722E0092764F;
			productRefGroup = 8EFDF67D20BD722E0092764F /* Products */;
			projectDirPath = "";
			projectRoot = "";
			targets = (
				8EFDF67B20BD722E0092764F /* DemoFireBase */,
			);
		};
/* End PBXProject section */

/* Begin PBXResourcesBuildPhase section */
		8EFDF67A20BD722E0092764F /* Resources */ = {
			isa = PBXResourcesBuildPhase;
			buildActionMask = 2147483647;
			files = (
				8EFDF68A20BD722E0092764F /* LaunchScreen.storyboard in Resources */,
				8EFDF69220BD76850092764F /* GoogleService-Info.plist in Resources */,
				8EFDF68720BD722E0092764F /* Assets.xcassets in Resources */,
				8EFDF68520BD722E0092764F /* Main.storyboard in Resources */,
			);
			runOnlyForDeploymentPostprocessing = 0;
		};
/* End PBXResourcesBuildPhase section */

/* Begin PBXShellScriptBuildPhase section */
		41A4623F3EE6CC28B8C7A637 /* [CP] Embed Pods Frameworks */ = {
			isa = PBXShellScriptBuildPhase;
			buildActionMask = 2147483647;
			files = (
			);
			inputPaths = (
				"${SRCROOT}/Pods/Target Support Files/Pods-DemoFireBase/Pods-DemoFireBase-frameworks.sh",
				"${BUILT_PRODUCTS_DIR}/GoogleToolboxForMac/GoogleToolboxForMac.framework",
				"${BUILT_PRODUCTS_DIR}/nanopb/nanopb.framework",
			);
			name = "[CP] Embed Pods Frameworks";
			outputPaths = (
				"${TARGET_BUILD_DIR}/${FRAMEWORKS_FOLDER_PATH}/GoogleToolboxForMac.framework",
				"${TARGET_BUILD_DIR}/${FRAMEWORKS_FOLDER_PATH}/nanopb.framework",
			);
			runOnlyForDeploymentPostprocessing = 0;
			shellPath = /bin/sh;
			shellScript = "\"${SRCROOT}/Pods/Target Support Files/Pods-DemoFireBase/Pods-DemoFireBase-frameworks.sh\"\n";
			showEnvVarsInLog = 0;
		};
		E64071E14C6741BFCD86C69F /* [CP] Check Pods Manifest.lock */ = {
			isa = PBXShellScriptBuildPhase;
			buildActionMask = 2147483647;
			files = (
			);
			inputPaths = (
				"${PODS_PODFILE_DIR_PATH}/Podfile.lock",
				"${PODS_ROOT}/Manifest.lock",
			);
			name = "[CP] Check Pods Manifest.lock";
			outputPaths = (
				"$(DERIVED_FILE_DIR)/Pods-DemoFireBase-checkManifestLockResult.txt",
			);
			runOnlyForDeploymentPostprocessing = 0;
			shellPath = /bin/sh;
			shellScript = "diff \"${PODS_PODFILE_DIR_PATH}/Podfile.lock\" \"${PODS_ROOT}/Manifest.lock\" > /dev/null\nif [ $? != 0 ] ; then\n    # print error to STDERR\n    echo \"error: The sandbox is not in sync with the Podfile.lock. Run 'pod install' or update your CocoaPods installation.\" >&2\n    exit 1\nfi\n# This output is used by Xcode 'outputs' to avoid re-running this script phase.\necho \"SUCCESS\" > \"${SCRIPT_OUTPUT_FILE_0}\"\n";
			showEnvVarsInLog = 0;
		};
/* End PBXShellScriptBuildPhase section */

/* Begin PBXSourcesBuildPhase section */
		8EFDF67820BD722E0092764F /* Sources */ = {
			isa = PBXSourcesBuildPhase;
			buildActionMask = 2147483647;
			files = (
				8EFDF68220BD722E0092764F /* ViewController.swift in Sources */,
				8EFDF68020BD722E0092764F /* AppDelegate.swift in Sources */,
			);
			runOnlyForDeploymentPostprocessing = 0;
		};
/* End PBXSourcesBuildPhase section */

/* Begin PBXVariantGroup section */
		8EFDF68320BD722E0092764F /* Main.storyboard */ = {
			isa = PBXVariantGroup;
			children = (
				8EFDF68420BD722E0092764F /* Base */,
			);
			name = Main.storyboard;
			sourceTree = "<group>";
		};
		8EFDF68820BD722E0092764F /* LaunchScreen.storyboard */ = {
			isa = PBXVariantGroup;
			children = (
				8EFDF68920BD722E0092764F /* Base */,
			);
			name = LaunchScreen.storyboard;
			sourceTree = "<group>";
		};
/* End PBXVariantGroup section */

/* Begin XCBuildConfiguration section */
		8EFDF68C20BD722E0092764F /* Debug */ = {
			isa = XCBuildConfiguration;
			buildSettings = {
				ALWAYS_SEARCH_USER_PATHS = NO;
				CLANG_ANALYZER_NONNULL = YES;
				CLANG_ANALYZER_NUMBER_OBJECT_CONVERSION = YES_AGGRESSIVE;
				CLANG_CXX_LANGUAGE_STANDARD = "gnu++14";
				CLANG_CXX_LIBRARY = "libc++";
				CLANG_ENABLE_MODULES = YES;
				CLANG_ENABLE_OBJC_ARC = YES;
				CLANG_WARN_BLOCK_CAPTURE_AUTORELEASING = YES;
				CLANG_WARN_BOOL_CONVERSION = YES;
				CLANG_WARN_COMMA = YES;
				CLANG_WARN_CONSTANT_CONVERSION = YES;
				CLANG_WARN_DIRECT_OBJC_ISA_USAGE = YES_ERROR;
				CLANG_WARN_DOCUMENTATION_COMMENTS = YES;
				CLANG_WARN_EMPTY_BODY = YES;
				CLANG_WARN_ENUM_CONVERSION = YES;
				CLANG_WARN_INFINITE_RECURSION = YES;
				CLANG_WARN_INT_CONVERSION = YES;
				CLANG_WARN_NON_LITERAL_NULL_CONVERSION = YES;
				CLANG_WARN_OBJC_LITERAL_CONVERSION = YES;
				CLANG_WARN_OBJC_ROOT_CLASS = YES_ERROR;
				CLANG_WARN_RANGE_LOOP_ANALYSIS = YES;
				CLANG_WARN_STRICT_PROTOTYPES = YES;
				CLANG_WARN_SUSPICIOUS_MOVE = YES;
				CLANG_WARN_UNGUARDED_AVAILABILITY = YES_AGGRESSIVE;
				CLANG_WARN_UNREACHABLE_CODE = YES;
				CLANG_WARN__DUPLICATE_METHOD_MATCH = YES;
				CODE_SIGN_IDENTITY = "iPhone Developer";
				COPY_PHASE_STRIP = NO;
				DEBUG_INFORMATION_FORMAT = dwarf;
				ENABLE_STRICT_OBJC_MSGSEND = YES;
				ENABLE_TESTABILITY = YES;
				GCC_C_LANGUAGE_STANDARD = gnu11;
				GCC_DYNAMIC_NO_PIC = NO;
				GCC_NO_COMMON_BLOCKS = YES;
				GCC_OPTIMIZATION_LEVEL = 0;
				GCC_PREPROCESSOR_DEFINITIONS = (
					"DEBUG=1",
					"$(inherited)",
				);
				GCC_WARN_64_TO_32_BIT_CONVERSION = YES;
				GCC_WARN_ABOUT_RETURN_TYPE = YES_ERROR;
				GCC_WARN_UNDECLARED_SELECTOR = YES;
				GCC_WARN_UNINITIALIZED_AUTOS = YES_AGGRESSIVE;
				GCC_WARN_UNUSED_FUNCTION = YES;
				GCC_WARN_UNUSED_VARIABLE = YES;
				IPHONEOS_DEPLOYMENT_TARGET = 11.2;
				MTL_ENABLE_DEBUG_INFO = YES;
				ONLY_ACTIVE_ARCH = YES;
				SDKROOT = iphoneos;
				SWIFT_ACTIVE_COMPILATION_CONDITIONS = DEBUG;
				SWIFT_OPTIMIZATION_LEVEL = "-Onone";
			};
			name = Debug;
		};
		8EFDF68D20BD722E0092764F /* Release */ = {
			isa = XCBuildConfiguration;
			buildSettings = {
				ALWAYS_SEARCH_USER_PATHS = NO;
				CLANG_ANALYZER_NONNULL = YES;
				CLANG_ANALYZER_NUMBER_OBJECT_CONVERSION = YES_AGGRESSIVE;
				CLANG_CXX_LANGUAGE_STANDARD = "gnu++14";
				CLANG_CXX_LIBRARY = "libc++";
				CLANG_ENABLE_MODULES = YES;
				CLANG_ENABLE_OBJC_ARC = YES;
				CLANG_WARN_BLOCK_CAPTURE_AUTORELEASING = YES;
				CLANG_WARN_BOOL_CONVERSION = YES;
				CLANG_WARN_COMMA = YES;
				CLANG_WARN_CONSTANT_CONVERSION = YES;
				CLANG_WARN_DIRECT_OBJC_ISA_USAGE = YES_ERROR;
				CLANG_WARN_DOCUMENTATION_COMMENTS = YES;
				CLANG_WARN_EMPTY_BODY = YES;
				CLANG_WARN_ENUM_CONVERSION = YES;
				CLANG_WARN_INFINITE_RECURSION = YES;
				CLANG_WARN_INT_CONVERSION = YES;
				CLANG_WARN_NON_LITERAL_NULL_CONVERSION = YES;
				CLANG_WARN_OBJC_LITERAL_CONVERSION = YES;
				CLANG_WARN_OBJC_ROOT_CLASS = YES_ERROR;
				CLANG_WARN_RANGE_LOOP_ANALYSIS = YES;
				CLANG_WARN_STRICT_PROTOTYPES = YES;
				CLANG_WARN_SUSPICIOUS_MOVE = YES;
				CLANG_WARN_UNGUARDED_AVAILABILITY = YES_AGGRESSIVE;
				CLANG_WARN_UNREACHABLE_CODE = YES;
				CLANG_WARN__DUPLICATE_METHOD_MATCH = YES;
				CODE_SIGN_IDENTITY = "iPhone Developer";
				COPY_PHASE_STRIP = NO;
				DEBUG_INFORMATION_FORMAT = "dwarf-with-dsym";
				ENABLE_NS_ASSERTIONS = NO;
				ENABLE_STRICT_OBJC_MSGSEND = YES;
				GCC_C_LANGUAGE_STANDARD = gnu11;
				GCC_NO_COMMON_BLOCKS = YES;
				GCC_WARN_64_TO_32_BIT_CONVERSION = YES;
				GCC_WARN_ABOUT_RETURN_TYPE = YES_ERROR;
				GCC_WARN_UNDECLARED_SELECTOR = YES;
				GCC_WARN_UNINITIALIZED_AUTOS = YES_AGGRESSIVE;
				GCC_WARN_UNUSED_FUNCTION = YES;
				GCC_WARN_UNUSED_VARIABLE = YES;
				IPHONEOS_DEPLOYMENT_TARGET = 11.2;
				MTL_ENABLE_DEBUG_INFO = NO;
				SDKROOT = iphoneos;
				SWIFT_OPTIMIZATION_LEVEL = "-Owholemodule";
				VALIDATE_PRODUCT = YES;
			};
			name = Release;
		};
		8EFDF68F20BD722E0092764F /* Debug */ = {
			isa = XCBuildConfiguration;
			baseConfigurationReference = 579EF09211193CFFD4BE6995 /* Pods-DemoFireBase.debug.xcconfig */;
			buildSettings = {
				ASSETCATALOG_COMPILER_APPICON_NAME = AppIcon;
				CODE_SIGN_STYLE = Automatic;
				DEVELOPMENT_TEAM = SG8WKWH7TV;
				INFOPLIST_FILE = DemoFireBase/Info.plist;
				LD_RUNPATH_SEARCH_PATHS = "$(inherited) @executable_path/Frameworks";
				PRODUCT_BUNDLE_IDENTIFIER = annguyen.DemoFireBase;
				PRODUCT_NAME = "$(TARGET_NAME)";
				SWIFT_VERSION = 4.0;
				TARGETED_DEVICE_FAMILY = "1,2";
			};
			name = Debug;
		};
		8EFDF69020BD722E0092764F /* Release */ = {
			isa = XCBuildConfiguration;
			baseConfigurationReference = C98DB49102ECC6C5A3A2B310 /* Pods-DemoFireBase.release.xcconfig */;
			buildSettings = {
				ASSETCATALOG_COMPILER_APPICON_NAME = AppIcon;
				CODE_SIGN_STYLE = Automatic;
				DEVELOPMENT_TEAM = SG8WKWH7TV;
				INFOPLIST_FILE = DemoFireBase/Info.plist;
				LD_RUNPATH_SEARCH_PATHS = "$(inherited) @executable_path/Frameworks";
				PRODUCT_BUNDLE_IDENTIFIER = annguyen.DemoFireBase;
				PRODUCT_NAME = "$(TARGET_NAME)";
				SWIFT_VERSION = 4.0;
				TARGETED_DEVICE_FAMILY = "1,2";
			};
			name = Release;
		};
/* End XCBuildConfiguration section */

/* Begin XCConfigurationList section */
		8EFDF67720BD722E0092764F /* Build configuration list for PBXProject "DemoFireBase" */ = {
			isa = XCConfigurationList;
			buildConfigurations = (
				8EFDF68C20BD722E0092764F /* Debug */,
				8EFDF68D20BD722E0092764F /* Release */,
			);
			defaultConfigurationIsVisible = 0;
			defaultConfigurationName = Release;
		};
		8EFDF68E20BD722E0092764F /* Build configuration list for PBXNativeTarget "DemoFireBase" */ = {
			isa = XCConfigurationList;
			buildConfigurations = (
				8EFDF68F20BD722E0092764F /* Debug */,
				8EFDF69020BD722E0092764F /* Release */,
			);
			defaultConfigurationIsVisible = 0;
			defaultConfigurationName = Release;
		};
/* End XCConfigurationList section */
	};
	rootObject = 8EFDF67420BD722E0092764F /* Project object */;
}
