// !$*UTF8*$!
{
	archiveVersion = 1;
	classes = {
	};
	objectVersion = 48;
	objects = {

/* Begin PBXBuildFile section */
		8E5215D9203D89C10029792B /* Main.storyboard in Resources */ = {isa = PBXBuildFile; fileRef = 8E5215D8203D89C10029792B /* Main.storyboard */; };
		8E5215DB203DC1C80029792B /* BaiTapViewController.swift in Sources */ = {isa = PBXBuildFile; fileRef = 8E5215DA203DC1C80029792B /* BaiTapViewController.swift */; };
		8EA73154203D1E100056C360 /* AppDelegate.swift in Sources */ = {isa = PBXBuildFile; fileRef = 8EA73153203D1E100056C360 /* AppDelegate.swift */; };
		8EA73156203D1E100056C360 /* ViewController.swift in Sources */ = {isa = PBXBuildFile; fileRef = 8EA73155203D1E100056C360 /* ViewController.swift */; };
		8EA7315B203D1E100056C360 /* Assets.xcassets in Resources */ = {isa = PBXBuildFile; fileRef = 8EA7315A203D1E100056C360 /* Assets.xcassets */; };
		8EA7315E203D1E100056C360 /* LaunchScreen.storyboard in Resources */ = {isa = PBXBuildFile; fileRef = 8EA7315C203D1E100056C360 /* LaunchScreen.storyboard */; };
/* End PBXBuildFile section */

/* Begin PBXFileReference section */
		8E5215D8203D89C10029792B /* Main.storyboard */ = {isa = PBXFileReference; lastKnownFileType = file.storyboard; path = Main.storyboard; sourceTree = "<group>"; };
		8E5215DA203DC1C80029792B /* BaiTapViewController.swift */ = {isa = PBXFileReference; lastKnownFileType = sourcecode.swift; path = BaiTapViewController.swift; sourceTree = "<group>"; };
		8EA73150203D1E100056C360 /* IOS_15_1_2_AutoLayoutBangTay.app */ = {isa = PBXFileReference; explicitFileType = wrapper.application; includeInIndex = 0; path = IOS_15_1_2_AutoLayoutBangTay.app; sourceTree = BUILT_PRODUCTS_DIR; };
		8EA73153203D1E100056C360 /* AppDelegate.swift */ = {isa = PBXFileReference; lastKnownFileType = sourcecode.swift; path = AppDelegate.swift; sourceTree = "<group>"; };
		8EA73155203D1E100056C360 /* ViewController.swift */ = {isa = PBXFileReference; lastKnownFileType = sourcecode.swift; path = ViewController.swift; sourceTree = "<group>"; };
		8EA7315A203D1E100056C360 /* Assets.xcassets */ = {isa = PBXFileReference; lastKnownFileType = folder.assetcatalog; path = Assets.xcassets; sourceTree = "<group>"; };
		8EA7315D203D1E100056C360 /* Base */ = {isa = PBXFileReference; lastKnownFileType = file.storyboard; name = Base; path = Base.lproj/LaunchScreen.storyboard; sourceTree = "<group>"; };
		8EA7315F203D1E100056C360 /* Info.plist */ = {isa = PBXFileReference; lastKnownFileType = text.plist.xml; path = Info.plist; sourceTree = "<group>"; };
/* End PBXFileReference section */

/* Begin PBXFrameworksBuildPhase section */
		8EA7314D203D1E100056C360 /* Frameworks */ = {
			isa = PBXFrameworksBuildPhase;
			buildActionMask = 2147483647;
			files = (
			);
			runOnlyForDeploymentPostprocessing = 0;
		};
/* End PBXFrameworksBuildPhase section */

/* Begin PBXGroup section */
		8EA73147203D1E100056C360 = {
			isa = PBXGroup;
			children = (
				8EA73152203D1E100056C360 /* IOS_15_1_2_AutoLayoutBangTay */,
				8EA73151203D1E100056C360 /* Products */,
			);
			sourceTree = "<group>";
		};
		8EA73151203D1E100056C360 /* Products */ = {
			isa = PBXGroup;
			children = (
				8EA73150203D1E100056C360 /* IOS_15_1_2_AutoLayoutBangTay.app */,
			);
			name = Products;
			sourceTree = "<group>";
		};
		8EA73152203D1E100056C360 /* IOS_15_1_2_AutoLayoutBangTay */ = {
			isa = PBXGroup;
			children = (
				8EA73153203D1E100056C360 /* AppDelegate.swift */,
				8EA73155203D1E100056C360 /* ViewController.swift */,
				8EA7315A203D1E100056C360 /* Assets.xcassets */,
				8EA7315C203D1E100056C360 /* LaunchScreen.storyboard */,
				8EA7315F203D1E100056C360 /* Info.plist */,
				8E5215D8203D89C10029792B /* Main.storyboard */,
				8E5215DA203DC1C80029792B /* BaiTapViewController.swift */,
			);
			path = IOS_15_1_2_AutoLayoutBangTay;
			sourceTree = "<group>";
		};
/* End PBXGroup section */

/* Begin PBXNativeTarget section */
		8EA7314F203D1E100056C360 /* IOS_15_1_2_AutoLayoutBangTay */ = {
			isa = PBXNativeTarget;
			buildConfigurationList = 8EA73162203D1E100056C360 /* Build configuration list for PBXNativeTarget "IOS_15_1_2_AutoLayoutBangTay" */;
			buildPhases = (
				8EA7314C203D1E100056C360 /* Sources */,
				8EA7314D203D1E100056C360 /* Frameworks */,
				8EA7314E203D1E100056C360 /* Resources */,
			);
			buildRules = (
			);
			dependencies = (
			);
			name = IOS_15_1_2_AutoLayoutBangTay;
			productName = IOS_15_1_2_AutoLayoutBangTay;
			productReference = 8EA73150203D1E100056C360 /* IOS_15_1_2_AutoLayoutBangTay.app */;
			productType = "com.apple.product-type.application";
		};
/* End PBXNativeTarget section */

/* Begin PBXProject section */
		8EA73148203D1E100056C360 /* Project object */ = {
			isa = PBXProject;
			attributes = {
				LastSwiftUpdateCheck = 0910;
				LastUpgradeCheck = 0910;
				ORGANIZATIONNAME = "An Nguyễn";
				TargetAttributes = {
					8EA7314F203D1E100056C360 = {
						CreatedOnToolsVersion = 9.1;
						ProvisioningStyle = Automatic;
					};
				};
			};
			buildConfigurationList = 8EA7314B203D1E100056C360 /* Build configuration list for PBXProject "IOS_15_1_2_AutoLayoutBangTay" */;
			compatibilityVersion = "Xcode 8.0";
			developmentRegion = en;
			hasScannedForEncodings = 0;
			knownRegions = (
				en,
				Base,
			);
			mainGroup = 8EA73147203D1E100056C360;
			productRefGroup = 8EA73151203D1E100056C360 /* Products */;
			projectDirPath = "";
			projectRoot = "";
			targets = (
				8EA7314F203D1E100056C360 /* IOS_15_1_2_AutoLayoutBangTay */,
			);
		};
/* End PBXProject section */

/* Begin PBXResourcesBuildPhase section */
		8EA7314E203D1E100056C360 /* Resources */ = {
			isa = PBXResourcesBuildPhase;
			buildActionMask = 2147483647;
			files = (
				8EA7315E203D1E100056C360 /* LaunchScreen.storyboard in Resources */,
				8EA7315B203D1E100056C360 /* Assets.xcassets in Resources */,
				8E5215D9203D89C10029792B /* Main.storyboard in Resources */,
			);
			runOnlyForDeploymentPostprocessing = 0;
		};
/* End PBXResourcesBuildPhase section */

/* Begin PBXSourcesBuildPhase section */
		8EA7314C203D1E100056C360 /* Sources */ = {
			isa = PBXSourcesBuildPhase;
			buildActionMask = 2147483647;
			files = (
				8EA73156203D1E100056C360 /* ViewController.swift in Sources */,
				8E5215DB203DC1C80029792B /* BaiTapViewController.swift in Sources */,
				8EA73154203D1E100056C360 /* AppDelegate.swift in Sources */,
			);
			runOnlyForDeploymentPostprocessing = 0;
		};
/* End PBXSourcesBuildPhase section */

/* Begin PBXVariantGroup section */
		8EA7315C203D1E100056C360 /* LaunchScreen.storyboard */ = {
			isa = PBXVariantGroup;
			children = (
				8EA7315D203D1E100056C360 /* Base */,
			);
			name = LaunchScreen.storyboard;
			sourceTree = "<group>";
		};
/* End PBXVariantGroup section */

/* Begin XCBuildConfiguration section */
		8EA73160203D1E100056C360 /* Debug */ = {
			isa = XCBuildConfiguration;
			buildSettings = {
				ALWAYS_SEARCH_USER_PATHS = NO;
				CLANG_ANALYZER_NONNULL = YES;
				CLANG_ANALYZER_NUMBER_OBJECT_CONVERSION = YES_AGGRESSIVE;
				CLANG_CXX_LANGUAGE_STANDARD = "gnu++14";
				CLANG_CXX_LIBRARY = "libc++";
				CLANG_ENABLE_MODULES = YES;
				CLANG_ENABLE_OBJC_ARC = YES;
				CLANG_WARN_BLOCK_CAPTURE_AUTORELEASING = YES;
				CLANG_WARN_BOOL_CONVERSION = YES;
				CLANG_WARN_COMMA = YES;
				CLANG_WARN_CONSTANT_CONVERSION = YES;
				CLANG_WARN_DIRECT_OBJC_ISA_USAGE = YES_ERROR;
				CLANG_WARN_DOCUMENTATION_COMMENTS = YES;
				CLANG_WARN_EMPTY_BODY = YES;
				CLANG_WARN_ENUM_CONVERSION = YES;
				CLANG_WARN_INFINITE_RECURSION = YES;
				CLANG_WARN_INT_CONVERSION = YES;
				CLANG_WARN_NON_LITERAL_NULL_CONVERSION = YES;
				CLANG_WARN_OBJC_LITERAL_CONVERSION = YES;
				CLANG_WARN_OBJC_ROOT_CLASS = YES_ERROR;
				CLANG_WARN_RANGE_LOOP_ANALYSIS = YES;
				CLANG_WARN_STRICT_PROTOTYPES = YES;
				CLANG_WARN_SUSPICIOUS_MOVE = YES;
				CLANG_WARN_UNGUARDED_AVAILABILITY = YES_AGGRESSIVE;
				CLANG_WARN_UNREACHABLE_CODE = YES;
				CLANG_WARN__DUPLICATE_METHOD_MATCH = YES;
				CODE_SIGN_IDENTITY = "iPhone Developer";
				COPY_PHASE_STRIP = NO;
				DEBUG_INFORMATION_FORMAT = dwarf;
				ENABLE_STRICT_OBJC_MSGSEND = YES;
				ENABLE_TESTABILITY = YES;
				GCC_C_LANGUAGE_STANDARD = gnu11;
				GCC_DYNAMIC_NO_PIC = NO;
				GCC_NO_COMMON_BLOCKS = YES;
				GCC_OPTIMIZATION_LEVEL = 0;
				GCC_PREPROCESSOR_DEFINITIONS = (
					"DEBUG=1",
					"$(inherited)",
				);
				GCC_WARN_64_TO_32_BIT_CONVERSION = YES;
				GCC_WARN_ABOUT_RETURN_TYPE = YES_ERROR;
				GCC_WARN_UNDECLARED_SELECTOR = YES;
				GCC_WARN_UNINITIALIZED_AUTOS = YES_AGGRESSIVE;
				GCC_WARN_UNUSED_FUNCTION = YES;
				GCC_WARN_UNUSED_VARIABLE = YES;
				IPHONEOS_DEPLOYMENT_TARGET = 11.1;
				MTL_ENABLE_DEBUG_INFO = YES;
				ONLY_ACTIVE_ARCH = YES;
				SDKROOT = iphoneos;
				SWIFT_ACTIVE_COMPILATION_CONDITIONS = DEBUG;
				SWIFT_OPTIMIZATION_LEVEL = "-Onone";
			};
			name = Debug;
		};
		8EA73161203D1E100056C360 /* Release */ = {
			isa = XCBuildConfiguration;
			buildSettings = {
				ALWAYS_SEARCH_USER_PATHS = NO;
				CLANG_ANALYZER_NONNULL = YES;
				CLANG_ANALYZER_NUMBER_OBJECT_CONVERSION = YES_AGGRESSIVE;
				CLANG_CXX_LANGUAGE_STANDARD = "gnu++14";
				CLANG_CXX_LIBRARY = "libc++";
				CLANG_ENABLE_MODULES = YES;
				CLANG_ENABLE_OBJC_ARC = YES;
				CLANG_WARN_BLOCK_CAPTURE_AUTORELEASING = YES;
				CLANG_WARN_BOOL_CONVERSION = YES;
				CLANG_WARN_COMMA = YES;
				CLANG_WARN_CONSTANT_CONVERSION = YES;
				CLANG_WARN_DIRECT_OBJC_ISA_USAGE = YES_ERROR;
				CLANG_WARN_DOCUMENTATION_COMMENTS = YES;
				CLANG_WARN_EMPTY_BODY = YES;
				CLANG_WARN_ENUM_CONVERSION = YES;
				CLANG_WARN_INFINITE_RECURSION = YES;
				CLANG_WARN_INT_CONVERSION = YES;
				CLANG_WARN_NON_LITERAL_NULL_CONVERSION = YES;
				CLANG_WARN_OBJC_LITERAL_CONVERSION = YES;
				CLANG_WARN_OBJC_ROOT_CLASS = YES_ERROR;
				CLANG_WARN_RANGE_LOOP_ANALYSIS = YES;
				CLANG_WARN_STRICT_PROTOTYPES = YES;
				CLANG_WARN_SUSPICIOUS_MOVE = YES;
				CLANG_WARN_UNGUARDED_AVAILABILITY = YES_AGGRESSIVE;
				CLANG_WARN_UNREACHABLE_CODE = YES;
				CLANG_WARN__DUPLICATE_METHOD_MATCH = YES;
				CODE_SIGN_IDENTITY = "iPhone Developer";
				COPY_PHASE_STRIP = NO;
				DEBUG_INFORMATION_FORMAT = "dwarf-with-dsym";
				ENABLE_NS_ASSERTIONS = NO;
				ENABLE_STRICT_OBJC_MSGSEND = YES;
				GCC_C_LANGUAGE_STANDARD = gnu11;
				GCC_NO_COMMON_BLOCKS = YES;
				GCC_WARN_64_TO_32_BIT_CONVERSION = YES;
				GCC_WARN_ABOUT_RETURN_TYPE = YES_ERROR;
				GCC_WARN_UNDECLARED_SELECTOR = YES;
				GCC_WARN_UNINITIALIZED_AUTOS = YES_AGGRESSIVE;
				GCC_WARN_UNUSED_FUNCTION = YES;
				GCC_WARN_UNUSED_VARIABLE = YES;
				IPHONEOS_DEPLOYMENT_TARGET = 11.1;
				MTL_ENABLE_DEBUG_INFO = NO;
				SDKROOT = iphoneos;
				SWIFT_OPTIMIZATION_LEVEL = "-Owholemodule";
				VALIDATE_PRODUCT = YES;
			};
			name = Release;
		};
		8EA73163203D1E100056C360 /* Debug */ = {
			isa = XCBuildConfiguration;
			buildSettings = {
				ASSETCATALOG_COMPILER_APPICON_NAME = AppIcon;
				CODE_SIGN_STYLE = Automatic;
				DEVELOPMENT_TEAM = SG8WKWH7TV;
				INFOPLIST_FILE = IOS_15_1_2_AutoLayoutBangTay/Info.plist;
				LD_RUNPATH_SEARCH_PATHS = "$(inherited) @executable_path/Frameworks";
				PRODUCT_BUNDLE_IDENTIFIER = "annguyen.IOS-15-1-2-AutoLayoutBangTay";
				PRODUCT_NAME = "$(TARGET_NAME)";
				SWIFT_VERSION = 4.0;
				TARGETED_DEVICE_FAMILY = "1,2";
			};
			name = Debug;
		};
		8EA73164203D1E100056C360 /* Release */ = {
			isa = XCBuildConfiguration;
			buildSettings = {
				ASSETCATALOG_COMPILER_APPICON_NAME = AppIcon;
				CODE_SIGN_STYLE = Automatic;
				DEVELOPMENT_TEAM = SG8WKWH7TV;
				INFOPLIST_FILE = IOS_15_1_2_AutoLayoutBangTay/Info.plist;
				LD_RUNPATH_SEARCH_PATHS = "$(inherited) @executable_path/Frameworks";
				PRODUCT_BUNDLE_IDENTIFIER = "annguyen.IOS-15-1-2-AutoLayoutBangTay";
				PRODUCT_NAME = "$(TARGET_NAME)";
				SWIFT_VERSION = 4.0;
				TARGETED_DEVICE_FAMILY = "1,2";
			};
			name = Release;
		};
/* End XCBuildConfiguration section */

/* Begin XCConfigurationList section */
		8EA7314B203D1E100056C360 /* Build configuration list for PBXProject "IOS_15_1_2_AutoLayoutBangTay" */ = {
			isa = XCConfigurationList;
			buildConfigurations = (
				8EA73160203D1E100056C360 /* Debug */,
				8EA73161203D1E100056C360 /* Release */,
			);
			defaultConfigurationIsVisible = 0;
			defaultConfigurationName = Release;
		};
		8EA73162203D1E100056C360 /* Build configuration list for PBXNativeTarget "IOS_15_1_2_AutoLayoutBangTay" */ = {
			isa = XCConfigurationList;
			buildConfigurations = (
				8EA73163203D1E100056C360 /* Debug */,
				8EA73164203D1E100056C360 /* Release */,
			);
			defaultConfigurationIsVisible = 0;
			defaultConfigurationName = Release;
		};
/* End XCConfigurationList section */
	};
	rootObject = 8EA73148203D1E100056C360 /* Project object */;
}
