// !$*UTF8*$!
{
	archiveVersion = 1;
	classes = {
	};
	objectVersion = 48;
	objects = {

/* Begin PBXBuildFile section */
		8E3458C920014F9D00CE78A7 /* AppDelegate.swift in Sources */ = {isa = PBXBuildFile; fileRef = 8E3458C820014F9D00CE78A7 /* AppDelegate.swift */; };
		8E3458CB20014F9D00CE78A7 /* ViewController.swift in Sources */ = {isa = PBXBuildFile; fileRef = 8E3458CA20014F9D00CE78A7 /* ViewController.swift */; };
		8E3458CE20014F9D00CE78A7 /* Main.storyboard in Resources */ = {isa = PBXBuildFile; fileRef = 8E3458CC20014F9D00CE78A7 /* Main.storyboard */; };
		8E3458D020014F9D00CE78A7 /* Assets.xcassets in Resources */ = {isa = PBXBuildFile; fileRef = 8E3458CF20014F9D00CE78A7 /* Assets.xcassets */; };
		8E3458D320014F9D00CE78A7 /* LaunchScreen.storyboard in Resources */ = {isa = PBXBuildFile; fileRef = 8E3458D120014F9D00CE78A7 /* LaunchScreen.storyboard */; };
/* End PBXBuildFile section */

/* Begin PBXFileReference section */
		8E3458C520014F9D00CE78A7 /* DemoCocoapods.app */ = {isa = PBXFileReference; explicitFileType = wrapper.application; includeInIndex = 0; path = DemoCocoapods.app; sourceTree = BUILT_PRODUCTS_DIR; };
		8E3458C820014F9D00CE78A7 /* AppDelegate.swift */ = {isa = PBXFileReference; lastKnownFileType = sourcecode.swift; path = AppDelegate.swift; sourceTree = "<group>"; };
		8E3458CA20014F9D00CE78A7 /* ViewController.swift */ = {isa = PBXFileReference; lastKnownFileType = sourcecode.swift; path = ViewController.swift; sourceTree = "<group>"; };
		8E3458CD20014F9D00CE78A7 /* Base */ = {isa = PBXFileReference; lastKnownFileType = file.storyboard; name = Base; path = Base.lproj/Main.storyboard; sourceTree = "<group>"; };
		8E3458CF20014F9D00CE78A7 /* Assets.xcassets */ = {isa = PBXFileReference; lastKnownFileType = folder.assetcatalog; path = Assets.xcassets; sourceTree = "<group>"; };
		8E3458D220014F9D00CE78A7 /* Base */ = {isa = PBXFileReference; lastKnownFileType = file.storyboard; name = Base; path = Base.lproj/LaunchScreen.storyboard; sourceTree = "<group>"; };
		8E3458D420014F9D00CE78A7 /* Info.plist */ = {isa = PBXFileReference; lastKnownFileType = text.plist.xml; path = Info.plist; sourceTree = "<group>"; };
/* End PBXFileReference section */

/* Begin PBXFrameworksBuildPhase section */
		8E3458C220014F9D00CE78A7 /* Frameworks */ = {
			isa = PBXFrameworksBuildPhase;
			buildActionMask = 2147483647;
			files = (
			);
			runOnlyForDeploymentPostprocessing = 0;
		};
/* End PBXFrameworksBuildPhase section */

/* Begin PBXGroup section */
		8E3458BC20014F9D00CE78A7 = {
			isa = PBXGroup;
			children = (
				8E3458C720014F9D00CE78A7 /* DemoCocoapods */,
				8E3458C620014F9D00CE78A7 /* Products */,
			);
			sourceTree = "<group>";
		};
		8E3458C620014F9D00CE78A7 /* Products */ = {
			isa = PBXGroup;
			children = (
				8E3458C520014F9D00CE78A7 /* DemoCocoapods.app */,
			);
			name = Products;
			sourceTree = "<group>";
		};
		8E3458C720014F9D00CE78A7 /* DemoCocoapods */ = {
			isa = PBXGroup;
			children = (
				8E3458C820014F9D00CE78A7 /* AppDelegate.swift */,
				8E3458CA20014F9D00CE78A7 /* ViewController.swift */,
				8E3458CC20014F9D00CE78A7 /* Main.storyboard */,
				8E3458CF20014F9D00CE78A7 /* Assets.xcassets */,
				8E3458D120014F9D00CE78A7 /* LaunchScreen.storyboard */,
				8E3458D420014F9D00CE78A7 /* Info.plist */,
			);
			path = DemoCocoapods;
			sourceTree = "<group>";
		};
/* End PBXGroup section */

/* Begin PBXNativeTarget section */
		8E3458C420014F9D00CE78A7 /* DemoCocoapods */ = {
			isa = PBXNativeTarget;
			buildConfigurationList = 8E3458D720014F9D00CE78A7 /* Build configuration list for PBXNativeTarget "DemoCocoapods" */;
			buildPhases = (
				8E3458C120014F9D00CE78A7 /* Sources */,
				8E3458C220014F9D00CE78A7 /* Frameworks */,
				8E3458C320014F9D00CE78A7 /* Resources */,
			);
			buildRules = (
			);
			dependencies = (
			);
			name = DemoCocoapods;
			productName = DemoCocoapods;
			productReference = 8E3458C520014F9D00CE78A7 /* DemoCocoapods.app */;
			productType = "com.apple.product-type.application";
		};
/* End PBXNativeTarget section */

/* Begin PBXProject section */
		8E3458BD20014F9D00CE78A7 /* Project object */ = {
			isa = PBXProject;
			attributes = {
				LastSwiftUpdateCheck = 0910;
				LastUpgradeCheck = 0910;
				ORGANIZATIONNAME = "An Nguyễn";
				TargetAttributes = {
					8E3458C420014F9D00CE78A7 = {
						CreatedOnToolsVersion = 9.1;
						ProvisioningStyle = Automatic;
					};
				};
			};
			buildConfigurationList = 8E3458C020014F9D00CE78A7 /* Build configuration list for PBXProject "DemoCocoapods" */;
			compatibilityVersion = "Xcode 8.0";
			developmentRegion = en;
			hasScannedForEncodings = 0;
			knownRegions = (
				en,
				Base,
			);
			mainGroup = 8E3458BC20014F9D00CE78A7;
			productRefGroup = 8E3458C620014F9D00CE78A7 /* Products */;
			projectDirPath = "";
			projectRoot = "";
			targets = (
				8E3458C420014F9D00CE78A7 /* DemoCocoapods */,
			);
		};
/* End PBXProject section */

/* Begin PBXResourcesBuildPhase section */
		8E3458C320014F9D00CE78A7 /* Resources */ = {
			isa = PBXResourcesBuildPhase;
			buildActionMask = 2147483647;
			files = (
				8E3458D320014F9D00CE78A7 /* LaunchScreen.storyboard in Resources */,
				8E3458D020014F9D00CE78A7 /* Assets.xcassets in Resources */,
				8E3458CE20014F9D00CE78A7 /* Main.storyboard in Resources */,
			);
			runOnlyForDeploymentPostprocessing = 0;
		};
/* End PBXResourcesBuildPhase section */

/* Begin PBXSourcesBuildPhase section */
		8E3458C120014F9D00CE78A7 /* Sources */ = {
			isa = PBXSourcesBuildPhase;
			buildActionMask = 2147483647;
			files = (
				8E3458CB20014F9D00CE78A7 /* ViewController.swift in Sources */,
				8E3458C920014F9D00CE78A7 /* AppDelegate.swift in Sources */,
			);
			runOnlyForDeploymentPostprocessing = 0;
		};
/* End PBXSourcesBuildPhase section */

/* Begin PBXVariantGroup section */
		8E3458CC20014F9D00CE78A7 /* Main.storyboard */ = {
			isa = PBXVariantGroup;
			children = (
				8E3458CD20014F9D00CE78A7 /* Base */,
			);
			name = Main.storyboard;
			sourceTree = "<group>";
		};
		8E3458D120014F9D00CE78A7 /* LaunchScreen.storyboard */ = {
			isa = PBXVariantGroup;
			children = (
				8E3458D220014F9D00CE78A7 /* Base */,
			);
			name = LaunchScreen.storyboard;
			sourceTree = "<group>";
		};
/* End PBXVariantGroup section */

/* Begin XCBuildConfiguration section */
		8E3458D520014F9D00CE78A7 /* Debug */ = {
			isa = XCBuildConfiguration;
			buildSettings = {
				ALWAYS_SEARCH_USER_PATHS = NO;
				CLANG_ANALYZER_NONNULL = YES;
				CLANG_ANALYZER_NUMBER_OBJECT_CONVERSION = YES_AGGRESSIVE;
				CLANG_CXX_LANGUAGE_STANDARD = "gnu++14";
				CLANG_CXX_LIBRARY = "libc++";
				CLANG_ENABLE_MODULES = YES;
				CLANG_ENABLE_OBJC_ARC = YES;
				CLANG_WARN_BLOCK_CAPTURE_AUTORELEASING = YES;
				CLANG_WARN_BOOL_CONVERSION = YES;
				CLANG_WARN_COMMA = YES;
				CLANG_WARN_CONSTANT_CONVERSION = YES;
				CLANG_WARN_DIRECT_OBJC_ISA_USAGE = YES_ERROR;
				CLANG_WARN_DOCUMENTATION_COMMENTS = YES;
				CLANG_WARN_EMPTY_BODY = YES;
				CLANG_WARN_ENUM_CONVERSION = YES;
				CLANG_WARN_INFINITE_RECURSION = YES;
				CLANG_WARN_INT_CONVERSION = YES;
				CLANG_WARN_NON_LITERAL_NULL_CONVERSION = YES;
				CLANG_WARN_OBJC_LITERAL_CONVERSION = YES;
				CLANG_WARN_OBJC_ROOT_CLASS = YES_ERROR;
				CLANG_WARN_RANGE_LOOP_ANALYSIS = YES;
				CLANG_WARN_STRICT_PROTOTYPES = YES;
				CLANG_WARN_SUSPICIOUS_MOVE = YES;
				CLANG_WARN_UNGUARDED_AVAILABILITY = YES_AGGRESSIVE;
				CLANG_WARN_UNREACHABLE_CODE = YES;
				CLANG_WARN__DUPLICATE_METHOD_MATCH = YES;
				CODE_SIGN_IDENTITY = "iPhone Developer";
				COPY_PHASE_STRIP = NO;
				DEBUG_INFORMATION_FORMAT = dwarf;
				ENABLE_STRICT_OBJC_MSGSEND = YES;
				ENABLE_TESTABILITY = YES;
				GCC_C_LANGUAGE_STANDARD = gnu11;
				GCC_DYNAMIC_NO_PIC = NO;
				GCC_NO_COMMON_BLOCKS = YES;
				GCC_OPTIMIZATION_LEVEL = 0;
				GCC_PREPROCESSOR_DEFINITIONS = (
					"DEBUG=1",
					"$(inherited)",
				);
				GCC_WARN_64_TO_32_BIT_CONVERSION = YES;
				GCC_WARN_ABOUT_RETURN_TYPE = YES_ERROR;
				GCC_WARN_UNDECLARED_SELECTOR = YES;
				GCC_WARN_UNINITIALIZED_AUTOS = YES_AGGRESSIVE;
				GCC_WARN_UNUSED_FUNCTION = YES;
				GCC_WARN_UNUSED_VARIABLE = YES;
				IPHONEOS_DEPLOYMENT_TARGET = 11.1;
				MTL_ENABLE_DEBUG_INFO = YES;
				ONLY_ACTIVE_ARCH = YES;
				SDKROOT = iphoneos;
				SWIFT_ACTIVE_COMPILATION_CONDITIONS = DEBUG;
				SWIFT_OPTIMIZATION_LEVEL = "-Onone";
			};
			name = Debug;
		};
		8E3458D620014F9D00CE78A7 /* Release */ = {
			isa = XCBuildConfiguration;
			buildSettings = {
				ALWAYS_SEARCH_USER_PATHS = NO;
				CLANG_ANALYZER_NONNULL = YES;
				CLANG_ANALYZER_NUMBER_OBJECT_CONVERSION = YES_AGGRESSIVE;
				CLANG_CXX_LANGUAGE_STANDARD = "gnu++14";
				CLANG_CXX_LIBRARY = "libc++";
				CLANG_ENABLE_MODULES = YES;
				CLANG_ENABLE_OBJC_ARC = YES;
				CLANG_WARN_BLOCK_CAPTURE_AUTORELEASING = YES;
				CLANG_WARN_BOOL_CONVERSION = YES;
				CLANG_WARN_COMMA = YES;
				CLANG_WARN_CONSTANT_CONVERSION = YES;
				CLANG_WARN_DIRECT_OBJC_ISA_USAGE = YES_ERROR;
				CLANG_WARN_DOCUMENTATION_COMMENTS = YES;
				CLANG_WARN_EMPTY_BODY = YES;
				CLANG_WARN_ENUM_CONVERSION = YES;
				CLANG_WARN_INFINITE_RECURSION = YES;
				CLANG_WARN_INT_CONVERSION = YES;
				CLANG_WARN_NON_LITERAL_NULL_CONVERSION = YES;
				CLANG_WARN_OBJC_LITERAL_CONVERSION = YES;
				CLANG_WARN_OBJC_ROOT_CLASS = YES_ERROR;
				CLANG_WARN_RANGE_LOOP_ANALYSIS = YES;
				CLANG_WARN_STRICT_PROTOTYPES = YES;
				CLANG_WARN_SUSPICIOUS_MOVE = YES;
				CLANG_WARN_UNGUARDED_AVAILABILITY = YES_AGGRESSIVE;
				CLANG_WARN_UNREACHABLE_CODE = YES;
				CLANG_WARN__DUPLICATE_METHOD_MATCH = YES;
				CODE_SIGN_IDENTITY = "iPhone Developer";
				COPY_PHASE_STRIP = NO;
				DEBUG_INFORMATION_FORMAT = "dwarf-with-dsym";
				ENABLE_NS_ASSERTIONS = NO;
				ENABLE_STRICT_OBJC_MSGSEND = YES;
				GCC_C_LANGUAGE_STANDARD = gnu11;
				GCC_NO_COMMON_BLOCKS = YES;
				GCC_WARN_64_TO_32_BIT_CONVERSION = YES;
				GCC_WARN_ABOUT_RETURN_TYPE = YES_ERROR;
				GCC_WARN_UNDECLARED_SELECTOR = YES;
				GCC_WARN_UNINITIALIZED_AUTOS = YES_AGGRESSIVE;
				GCC_WARN_UNUSED_FUNCTION = YES;
				GCC_WARN_UNUSED_VARIABLE = YES;
				IPHONEOS_DEPLOYMENT_TARGET = 11.1;
				MTL_ENABLE_DEBUG_INFO = NO;
				SDKROOT = iphoneos;
				SWIFT_OPTIMIZATION_LEVEL = "-Owholemodule";
				VALIDATE_PRODUCT = YES;
			};
			name = Release;
		};
		8E3458D820014F9D00CE78A7 /* Debug */ = {
			isa = XCBuildConfiguration;
			buildSettings = {
				ASSETCATALOG_COMPILER_APPICON_NAME = AppIcon;
				CODE_SIGN_STYLE = Automatic;
				DEVELOPMENT_TEAM = SG8WKWH7TV;
				INFOPLIST_FILE = DemoCocoapods/Info.plist;
				LD_RUNPATH_SEARCH_PATHS = "$(inherited) @executable_path/Frameworks";
				PRODUCT_BUNDLE_IDENTIFIER = annguyen.DemoCocoapods;
				PRODUCT_NAME = "$(TARGET_NAME)";
				SWIFT_VERSION = 4.0;
				TARGETED_DEVICE_FAMILY = "1,2";
			};
			name = Debug;
		};
		8E3458D920014F9D00CE78A7 /* Release */ = {
			isa = XCBuildConfiguration;
			buildSettings = {
				ASSETCATALOG_COMPILER_APPICON_NAME = AppIcon;
				CODE_SIGN_STYLE = Automatic;
				DEVELOPMENT_TEAM = SG8WKWH7TV;
				INFOPLIST_FILE = DemoCocoapods/Info.plist;
				LD_RUNPATH_SEARCH_PATHS = "$(inherited) @executable_path/Frameworks";
				PRODUCT_BUNDLE_IDENTIFIER = annguyen.DemoCocoapods;
				PRODUCT_NAME = "$(TARGET_NAME)";
				SWIFT_VERSION = 4.0;
				TARGETED_DEVICE_FAMILY = "1,2";
			};
			name = Release;
		};
/* End XCBuildConfiguration section */

/* Begin XCConfigurationList section */
		8E3458C020014F9D00CE78A7 /* Build configuration list for PBXProject "DemoCocoapods" */ = {
			isa = XCConfigurationList;
			buildConfigurations = (
				8E3458D520014F9D00CE78A7 /* Debug */,
				8E3458D620014F9D00CE78A7 /* Release */,
			);
			defaultConfigurationIsVisible = 0;
			defaultConfigurationName = Release;
		};
		8E3458D720014F9D00CE78A7 /* Build configuration list for PBXNativeTarget "DemoCocoapods" */ = {
			isa = XCConfigurationList;
			buildConfigurations = (
				8E3458D820014F9D00CE78A7 /* Debug */,
				8E3458D920014F9D00CE78A7 /* Release */,
			);
			defaultConfigurationIsVisible = 0;
			defaultConfigurationName = Release;
		};
/* End XCConfigurationList section */
	};
	rootObject = 8E3458BD20014F9D00CE78A7 /* Project object */;
}
