// !$*UTF8*$!
{
	archiveVersion = 1;
	classes = {
	};
	objectVersion = 48;
	objects = {

/* Begin PBXBuildFile section */
		8ED41DD62014FFCF00D25CAD /* AppDelegate.swift in Sources */ = {isa = PBXBuildFile; fileRef = 8ED41DD52014FFCF00D25CAD /* AppDelegate.swift */; };
		8ED41DD82014FFCF00D25CAD /* ViewController.swift in Sources */ = {isa = PBXBuildFile; fileRef = 8ED41DD72014FFCF00D25CAD /* ViewController.swift */; };
		8ED41DDB2014FFCF00D25CAD /* Main.storyboard in Resources */ = {isa = PBXBuildFile; fileRef = 8ED41DD92014FFCF00D25CAD /* Main.storyboard */; };
		8ED41DDD2014FFCF00D25CAD /* Assets.xcassets in Resources */ = {isa = PBXBuildFile; fileRef = 8ED41DDC2014FFCF00D25CAD /* Assets.xcassets */; };
		8ED41DE02014FFCF00D25CAD /* LaunchScreen.storyboard in Resources */ = {isa = PBXBuildFile; fileRef = 8ED41DDE2014FFCF00D25CAD /* LaunchScreen.storyboard */; };
/* End PBXBuildFile section */

/* Begin PBXFileReference section */
		8ED41DD22014FFCF00D25CAD /* CrollViewP1.app */ = {isa = PBXFileReference; explicitFileType = wrapper.application; includeInIndex = 0; path = CrollViewP1.app; sourceTree = BUILT_PRODUCTS_DIR; };
		8ED41DD52014FFCF00D25CAD /* AppDelegate.swift */ = {isa = PBXFileReference; lastKnownFileType = sourcecode.swift; path = AppDelegate.swift; sourceTree = "<group>"; };
		8ED41DD72014FFCF00D25CAD /* ViewController.swift */ = {isa = PBXFileReference; lastKnownFileType = sourcecode.swift; path = ViewController.swift; sourceTree = "<group>"; };
		8ED41DDA2014FFCF00D25CAD /* Base */ = {isa = PBXFileReference; lastKnownFileType = file.storyboard; name = Base; path = Base.lproj/Main.storyboard; sourceTree = "<group>"; };
		8ED41DDC2014FFCF00D25CAD /* Assets.xcassets */ = {isa = PBXFileReference; lastKnownFileType = folder.assetcatalog; path = Assets.xcassets; sourceTree = "<group>"; };
		8ED41DDF2014FFCF00D25CAD /* Base */ = {isa = PBXFileReference; lastKnownFileType = file.storyboard; name = Base; path = Base.lproj/LaunchScreen.storyboard; sourceTree = "<group>"; };
		8ED41DE12014FFCF00D25CAD /* Info.plist */ = {isa = PBXFileReference; lastKnownFileType = text.plist.xml; path = Info.plist; sourceTree = "<group>"; };
/* End PBXFileReference section */

/* Begin PBXFrameworksBuildPhase section */
		8ED41DCF2014FFCF00D25CAD /* Frameworks */ = {
			isa = PBXFrameworksBuildPhase;
			buildActionMask = 2147483647;
			files = (
			);
			runOnlyForDeploymentPostprocessing = 0;
		};
/* End PBXFrameworksBuildPhase section */

/* Begin PBXGroup section */
		8ED41DC92014FFCF00D25CAD = {
			isa = PBXGroup;
			children = (
				8ED41DD42014FFCF00D25CAD /* CrollViewP1 */,
				8ED41DD32014FFCF00D25CAD /* Products */,
			);
			sourceTree = "<group>";
		};
		8ED41DD32014FFCF00D25CAD /* Products */ = {
			isa = PBXGroup;
			children = (
				8ED41DD22014FFCF00D25CAD /* CrollViewP1.app */,
			);
			name = Products;
			sourceTree = "<group>";
		};
		8ED41DD42014FFCF00D25CAD /* CrollViewP1 */ = {
			isa = PBXGroup;
			children = (
				8ED41DD52014FFCF00D25CAD /* AppDelegate.swift */,
				8ED41DD72014FFCF00D25CAD /* ViewController.swift */,
				8ED41DD92014FFCF00D25CAD /* Main.storyboard */,
				8ED41DDC2014FFCF00D25CAD /* Assets.xcassets */,
				8ED41DDE2014FFCF00D25CAD /* LaunchScreen.storyboard */,
				8ED41DE12014FFCF00D25CAD /* Info.plist */,
			);
			path = CrollViewP1;
			sourceTree = "<group>";
		};
/* End PBXGroup section */

/* Begin PBXNativeTarget section */
		8ED41DD12014FFCF00D25CAD /* CrollViewP1 */ = {
			isa = PBXNativeTarget;
			buildConfigurationList = 8ED41DE42014FFCF00D25CAD /* Build configuration list for PBXNativeTarget "CrollViewP1" */;
			buildPhases = (
				8ED41DCE2014FFCF00D25CAD /* Sources */,
				8ED41DCF2014FFCF00D25CAD /* Frameworks */,
				8ED41DD02014FFCF00D25CAD /* Resources */,
			);
			buildRules = (
			);
			dependencies = (
			);
			name = CrollViewP1;
			productName = CrollViewP1;
			productReference = 8ED41DD22014FFCF00D25CAD /* CrollViewP1.app */;
			productType = "com.apple.product-type.application";
		};
/* End PBXNativeTarget section */

/* Begin PBXProject section */
		8ED41DCA2014FFCF00D25CAD /* Project object */ = {
			isa = PBXProject;
			attributes = {
				LastSwiftUpdateCheck = 0910;
				LastUpgradeCheck = 0910;
				ORGANIZATIONNAME = "An Nguyễn";
				TargetAttributes = {
					8ED41DD12014FFCF00D25CAD = {
						CreatedOnToolsVersion = 9.1;
						ProvisioningStyle = Automatic;
					};
				};
			};
			buildConfigurationList = 8ED41DCD2014FFCF00D25CAD /* Build configuration list for PBXProject "CrollViewP1" */;
			compatibilityVersion = "Xcode 8.0";
			developmentRegion = en;
			hasScannedForEncodings = 0;
			knownRegions = (
				en,
				Base,
			);
			mainGroup = 8ED41DC92014FFCF00D25CAD;
			productRefGroup = 8ED41DD32014FFCF00D25CAD /* Products */;
			projectDirPath = "";
			projectRoot = "";
			targets = (
				8ED41DD12014FFCF00D25CAD /* CrollViewP1 */,
			);
		};
/* End PBXProject section */

/* Begin PBXResourcesBuildPhase section */
		8ED41DD02014FFCF00D25CAD /* Resources */ = {
			isa = PBXResourcesBuildPhase;
			buildActionMask = 2147483647;
			files = (
				8ED41DE02014FFCF00D25CAD /* LaunchScreen.storyboard in Resources */,
				8ED41DDD2014FFCF00D25CAD /* Assets.xcassets in Resources */,
				8ED41DDB2014FFCF00D25CAD /* Main.storyboard in Resources */,
			);
			runOnlyForDeploymentPostprocessing = 0;
		};
/* End PBXResourcesBuildPhase section */

/* Begin PBXSourcesBuildPhase section */
		8ED41DCE2014FFCF00D25CAD /* Sources */ = {
			isa = PBXSourcesBuildPhase;
			buildActionMask = 2147483647;
			files = (
				8ED41DD82014FFCF00D25CAD /* ViewController.swift in Sources */,
				8ED41DD62014FFCF00D25CAD /* AppDelegate.swift in Sources */,
			);
			runOnlyForDeploymentPostprocessing = 0;
		};
/* End PBXSourcesBuildPhase section */

/* Begin PBXVariantGroup section */
		8ED41DD92014FFCF00D25CAD /* Main.storyboard */ = {
			isa = PBXVariantGroup;
			children = (
				8ED41DDA2014FFCF00D25CAD /* Base */,
			);
			name = Main.storyboard;
			sourceTree = "<group>";
		};
		8ED41DDE2014FFCF00D25CAD /* LaunchScreen.storyboard */ = {
			isa = PBXVariantGroup;
			children = (
				8ED41DDF2014FFCF00D25CAD /* Base */,
			);
			name = LaunchScreen.storyboard;
			sourceTree = "<group>";
		};
/* End PBXVariantGroup section */

/* Begin XCBuildConfiguration section */
		8ED41DE22014FFCF00D25CAD /* Debug */ = {
			isa = XCBuildConfiguration;
			buildSettings = {
				ALWAYS_SEARCH_USER_PATHS = NO;
				CLANG_ANALYZER_NONNULL = YES;
				CLANG_ANALYZER_NUMBER_OBJECT_CONVERSION = YES_AGGRESSIVE;
				CLANG_CXX_LANGUAGE_STANDARD = "gnu++14";
				CLANG_CXX_LIBRARY = "libc++";
				CLANG_ENABLE_MODULES = YES;
				CLANG_ENABLE_OBJC_ARC = YES;
				CLANG_WARN_BLOCK_CAPTURE_AUTORELEASING = YES;
				CLANG_WARN_BOOL_CONVERSION = YES;
				CLANG_WARN_COMMA = YES;
				CLANG_WARN_CONSTANT_CONVERSION = YES;
				CLANG_WARN_DIRECT_OBJC_ISA_USAGE = YES_ERROR;
				CLANG_WARN_DOCUMENTATION_COMMENTS = YES;
				CLANG_WARN_EMPTY_BODY = YES;
				CLANG_WARN_ENUM_CONVERSION = YES;
				CLANG_WARN_INFINITE_RECURSION = YES;
				CLANG_WARN_INT_CONVERSION = YES;
				CLANG_WARN_NON_LITERAL_NULL_CONVERSION = YES;
				CLANG_WARN_OBJC_LITERAL_CONVERSION = YES;
				CLANG_WARN_OBJC_ROOT_CLASS = YES_ERROR;
				CLANG_WARN_RANGE_LOOP_ANALYSIS = YES;
				CLANG_WARN_STRICT_PROTOTYPES = YES;
				CLANG_WARN_SUSPICIOUS_MOVE = YES;
				CLANG_WARN_UNGUARDED_AVAILABILITY = YES_AGGRESSIVE;
				CLANG_WARN_UNREACHABLE_CODE = YES;
				CLANG_WARN__DUPLICATE_METHOD_MATCH = YES;
				CODE_SIGN_IDENTITY = "iPhone Developer";
				COPY_PHASE_STRIP = NO;
				DEBUG_INFORMATION_FORMAT = dwarf;
				ENABLE_STRICT_OBJC_MSGSEND = YES;
				ENABLE_TESTABILITY = YES;
				GCC_C_LANGUAGE_STANDARD = gnu11;
				GCC_DYNAMIC_NO_PIC = NO;
				GCC_NO_COMMON_BLOCKS = YES;
				GCC_OPTIMIZATION_LEVEL = 0;
				GCC_PREPROCESSOR_DEFINITIONS = (
					"DEBUG=1",
					"$(inherited)",
				);
				GCC_WARN_64_TO_32_BIT_CONVERSION = YES;
				GCC_WARN_ABOUT_RETURN_TYPE = YES_ERROR;
				GCC_WARN_UNDECLARED_SELECTOR = YES;
				GCC_WARN_UNINITIALIZED_AUTOS = YES_AGGRESSIVE;
				GCC_WARN_UNUSED_FUNCTION = YES;
				GCC_WARN_UNUSED_VARIABLE = YES;
				IPHONEOS_DEPLOYMENT_TARGET = 11.1;
				MTL_ENABLE_DEBUG_INFO = YES;
				ONLY_ACTIVE_ARCH = YES;
				SDKROOT = iphoneos;
				SWIFT_ACTIVE_COMPILATION_CONDITIONS = DEBUG;
				SWIFT_OPTIMIZATION_LEVEL = "-Onone";
			};
			name = Debug;
		};
		8ED41DE32014FFCF00D25CAD /* Release */ = {
			isa = XCBuildConfiguration;
			buildSettings = {
				ALWAYS_SEARCH_USER_PATHS = NO;
				CLANG_ANALYZER_NONNULL = YES;
				CLANG_ANALYZER_NUMBER_OBJECT_CONVERSION = YES_AGGRESSIVE;
				CLANG_CXX_LANGUAGE_STANDARD = "gnu++14";
				CLANG_CXX_LIBRARY = "libc++";
				CLANG_ENABLE_MODULES = YES;
				CLANG_ENABLE_OBJC_ARC = YES;
				CLANG_WARN_BLOCK_CAPTURE_AUTORELEASING = YES;
				CLANG_WARN_BOOL_CONVERSION = YES;
				CLANG_WARN_COMMA = YES;
				CLANG_WARN_CONSTANT_CONVERSION = YES;
				CLANG_WARN_DIRECT_OBJC_ISA_USAGE = YES_ERROR;
				CLANG_WARN_DOCUMENTATION_COMMENTS = YES;
				CLANG_WARN_EMPTY_BODY = YES;
				CLANG_WARN_ENUM_CONVERSION = YES;
				CLANG_WARN_INFINITE_RECURSION = YES;
				CLANG_WARN_INT_CONVERSION = YES;
				CLANG_WARN_NON_LITERAL_NULL_CONVERSION = YES;
				CLANG_WARN_OBJC_LITERAL_CONVERSION = YES;
				CLANG_WARN_OBJC_ROOT_CLASS = YES_ERROR;
				CLANG_WARN_RANGE_LOOP_ANALYSIS = YES;
				CLANG_WARN_STRICT_PROTOTYPES = YES;
				CLANG_WARN_SUSPICIOUS_MOVE = YES;
				CLANG_WARN_UNGUARDED_AVAILABILITY = YES_AGGRESSIVE;
				CLANG_WARN_UNREACHABLE_CODE = YES;
				CLANG_WARN__DUPLICATE_METHOD_MATCH = YES;
				CODE_SIGN_IDENTITY = "iPhone Developer";
				COPY_PHASE_STRIP = NO;
				DEBUG_INFORMATION_FORMAT = "dwarf-with-dsym";
				ENABLE_NS_ASSERTIONS = NO;
				ENABLE_STRICT_OBJC_MSGSEND = YES;
				GCC_C_LANGUAGE_STANDARD = gnu11;
				GCC_NO_COMMON_BLOCKS = YES;
				GCC_WARN_64_TO_32_BIT_CONVERSION = YES;
				GCC_WARN_ABOUT_RETURN_TYPE = YES_ERROR;
				GCC_WARN_UNDECLARED_SELECTOR = YES;
				GCC_WARN_UNINITIALIZED_AUTOS = YES_AGGRESSIVE;
				GCC_WARN_UNUSED_FUNCTION = YES;
				GCC_WARN_UNUSED_VARIABLE = YES;
				IPHONEOS_DEPLOYMENT_TARGET = 11.1;
				MTL_ENABLE_DEBUG_INFO = NO;
				SDKROOT = iphoneos;
				SWIFT_OPTIMIZATION_LEVEL = "-Owholemodule";
				VALIDATE_PRODUCT = YES;
			};
			name = Release;
		};
		8ED41DE52014FFCF00D25CAD /* Debug */ = {
			isa = XCBuildConfiguration;
			buildSettings = {
				ASSETCATALOG_COMPILER_APPICON_NAME = AppIcon;
				CODE_SIGN_STYLE = Automatic;
				DEVELOPMENT_TEAM = SG8WKWH7TV;
				INFOPLIST_FILE = CrollViewP1/Info.plist;
				LD_RUNPATH_SEARCH_PATHS = "$(inherited) @executable_path/Frameworks";
				PRODUCT_BUNDLE_IDENTIFIER = annguyen.CrollViewP1;
				PRODUCT_NAME = "$(TARGET_NAME)";
				SWIFT_VERSION = 4.0;
				TARGETED_DEVICE_FAMILY = "1,2";
			};
			name = Debug;
		};
		8ED41DE62014FFCF00D25CAD /* Release */ = {
			isa = XCBuildConfiguration;
			buildSettings = {
				ASSETCATALOG_COMPILER_APPICON_NAME = AppIcon;
				CODE_SIGN_STYLE = Automatic;
				DEVELOPMENT_TEAM = SG8WKWH7TV;
				INFOPLIST_FILE = CrollViewP1/Info.plist;
				LD_RUNPATH_SEARCH_PATHS = "$(inherited) @executable_path/Frameworks";
				PRODUCT_BUNDLE_IDENTIFIER = annguyen.CrollViewP1;
				PRODUCT_NAME = "$(TARGET_NAME)";
				SWIFT_VERSION = 4.0;
				TARGETED_DEVICE_FAMILY = "1,2";
			};
			name = Release;
		};
/* End XCBuildConfiguration section */

/* Begin XCConfigurationList section */
		8ED41DCD2014FFCF00D25CAD /* Build configuration list for PBXProject "CrollViewP1" */ = {
			isa = XCConfigurationList;
			buildConfigurations = (
				8ED41DE22014FFCF00D25CAD /* Debug */,
				8ED41DE32014FFCF00D25CAD /* Release */,
			);
			defaultConfigurationIsVisible = 0;
			defaultConfigurationName = Release;
		};
		8ED41DE42014FFCF00D25CAD /* Build configuration list for PBXNativeTarget "CrollViewP1" */ = {
			isa = XCConfigurationList;
			buildConfigurations = (
				8ED41DE52014FFCF00D25CAD /* Debug */,
				8ED41DE62014FFCF00D25CAD /* Release */,
			);
			defaultConfigurationIsVisible = 0;
			defaultConfigurationName = Release;
		};
/* End XCConfigurationList section */
	};
	rootObject = 8ED41DCA2014FFCF00D25CAD /* Project object */;
}
