// !$*UTF8*$!
{
	archiveVersion = 1;
	classes = {
	};
	objectVersion = 48;
	objects = {

/* Begin PBXBuildFile section */
		8E2D7706203E565D008F9480 /* AppDelegate.swift in Sources */ = {isa = PBXBuildFile; fileRef = 8E2D7705203E565D008F9480 /* AppDelegate.swift */; };
		8E2D7708203E565D008F9480 /* ViewController.swift in Sources */ = {isa = PBXBuildFile; fileRef = 8E2D7707203E565D008F9480 /* ViewController.swift */; };
		8E2D770B203E565D008F9480 /* Main.storyboard in Resources */ = {isa = PBXBuildFile; fileRef = 8E2D7709203E565D008F9480 /* Main.storyboard */; };
		8E2D770D203E565D008F9480 /* Assets.xcassets in Resources */ = {isa = PBXBuildFile; fileRef = 8E2D770C203E565D008F9480 /* Assets.xcassets */; };
		8E2D7710203E565D008F9480 /* LaunchScreen.storyboard in Resources */ = {isa = PBXBuildFile; fileRef = 8E2D770E203E565D008F9480 /* LaunchScreen.storyboard */; };
		8E2D7718203E6E83008F9480 /* NSNumberConvertToVND.swift in Sources */ = {isa = PBXBuildFile; fileRef = 8E2D7717203E6E83008F9480 /* NSNumberConvertToVND.swift */; };
/* End PBXBuildFile section */

/* Begin PBXFileReference section */
		8E2D7702203E565D008F9480 /* TinhTienTraGop.app */ = {isa = PBXFileReference; explicitFileType = wrapper.application; includeInIndex = 0; path = TinhTienTraGop.app; sourceTree = BUILT_PRODUCTS_DIR; };
		8E2D7705203E565D008F9480 /* AppDelegate.swift */ = {isa = PBXFileReference; lastKnownFileType = sourcecode.swift; path = AppDelegate.swift; sourceTree = "<group>"; };
		8E2D7707203E565D008F9480 /* ViewController.swift */ = {isa = PBXFileReference; lastKnownFileType = sourcecode.swift; path = ViewController.swift; sourceTree = "<group>"; };
		8E2D770A203E565D008F9480 /* Base */ = {isa = PBXFileReference; lastKnownFileType = file.storyboard; name = Base; path = Base.lproj/Main.storyboard; sourceTree = "<group>"; };
		8E2D770C203E565D008F9480 /* Assets.xcassets */ = {isa = PBXFileReference; lastKnownFileType = folder.assetcatalog; path = Assets.xcassets; sourceTree = "<group>"; };
		8E2D770F203E565D008F9480 /* Base */ = {isa = PBXFileReference; lastKnownFileType = file.storyboard; name = Base; path = Base.lproj/LaunchScreen.storyboard; sourceTree = "<group>"; };
		8E2D7711203E565D008F9480 /* Info.plist */ = {isa = PBXFileReference; lastKnownFileType = text.plist.xml; path = Info.plist; sourceTree = "<group>"; };
		8E2D7717203E6E83008F9480 /* NSNumberConvertToVND.swift */ = {isa = PBXFileReference; lastKnownFileType = sourcecode.swift; path = NSNumberConvertToVND.swift; sourceTree = "<group>"; };
/* End PBXFileReference section */

/* Begin PBXFrameworksBuildPhase section */
		8E2D76FF203E565D008F9480 /* Frameworks */ = {
			isa = PBXFrameworksBuildPhase;
			buildActionMask = 2147483647;
			files = (
			);
			runOnlyForDeploymentPostprocessing = 0;
		};
/* End PBXFrameworksBuildPhase section */

/* Begin PBXGroup section */
		8E2D76F9203E565D008F9480 = {
			isa = PBXGroup;
			children = (
				8E2D7704203E565D008F9480 /* TinhTienTraGop */,
				8E2D7703203E565D008F9480 /* Products */,
			);
			sourceTree = "<group>";
		};
		8E2D7703203E565D008F9480 /* Products */ = {
			isa = PBXGroup;
			children = (
				8E2D7702203E565D008F9480 /* TinhTienTraGop.app */,
			);
			name = Products;
			sourceTree = "<group>";
		};
		8E2D7704203E565D008F9480 /* TinhTienTraGop */ = {
			isa = PBXGroup;
			children = (
				8E2D7705203E565D008F9480 /* AppDelegate.swift */,
				8E2D7707203E565D008F9480 /* ViewController.swift */,
				8E2D7709203E565D008F9480 /* Main.storyboard */,
				8E2D770C203E565D008F9480 /* Assets.xcassets */,
				8E2D770E203E565D008F9480 /* LaunchScreen.storyboard */,
				8E2D7711203E565D008F9480 /* Info.plist */,
				8E2D7717203E6E83008F9480 /* NSNumberConvertToVND.swift */,
			);
			path = TinhTienTraGop;
			sourceTree = "<group>";
		};
/* End PBXGroup section */

/* Begin PBXNativeTarget section */
		8E2D7701203E565D008F9480 /* TinhTienTraGop */ = {
			isa = PBXNativeTarget;
			buildConfigurationList = 8E2D7714203E565D008F9480 /* Build configuration list for PBXNativeTarget "TinhTienTraGop" */;
			buildPhases = (
				8E2D76FE203E565D008F9480 /* Sources */,
				8E2D76FF203E565D008F9480 /* Frameworks */,
				8E2D7700203E565D008F9480 /* Resources */,
			);
			buildRules = (
			);
			dependencies = (
			);
			name = TinhTienTraGop;
			productName = TinhTienTraGop;
			productReference = 8E2D7702203E565D008F9480 /* TinhTienTraGop.app */;
			productType = "com.apple.product-type.application";
		};
/* End PBXNativeTarget section */

/* Begin PBXProject section */
		8E2D76FA203E565D008F9480 /* Project object */ = {
			isa = PBXProject;
			attributes = {
				LastSwiftUpdateCheck = 0910;
				LastUpgradeCheck = 0910;
				ORGANIZATIONNAME = "An Nguyễn";
				TargetAttributes = {
					8E2D7701203E565D008F9480 = {
						CreatedOnToolsVersion = 9.1;
						ProvisioningStyle = Automatic;
					};
				};
			};
			buildConfigurationList = 8E2D76FD203E565D008F9480 /* Build configuration list for PBXProject "TinhTienTraGop" */;
			compatibilityVersion = "Xcode 8.0";
			developmentRegion = en;
			hasScannedForEncodings = 0;
			knownRegions = (
				en,
				Base,
			);
			mainGroup = 8E2D76F9203E565D008F9480;
			productRefGroup = 8E2D7703203E565D008F9480 /* Products */;
			projectDirPath = "";
			projectRoot = "";
			targets = (
				8E2D7701203E565D008F9480 /* TinhTienTraGop */,
			);
		};
/* End PBXProject section */

/* Begin PBXResourcesBuildPhase section */
		8E2D7700203E565D008F9480 /* Resources */ = {
			isa = PBXResourcesBuildPhase;
			buildActionMask = 2147483647;
			files = (
				8E2D7710203E565D008F9480 /* LaunchScreen.storyboard in Resources */,
				8E2D770D203E565D008F9480 /* Assets.xcassets in Resources */,
				8E2D770B203E565D008F9480 /* Main.storyboard in Resources */,
			);
			runOnlyForDeploymentPostprocessing = 0;
		};
/* End PBXResourcesBuildPhase section */

/* Begin PBXSourcesBuildPhase section */
		8E2D76FE203E565D008F9480 /* Sources */ = {
			isa = PBXSourcesBuildPhase;
			buildActionMask = 2147483647;
			files = (
				8E2D7718203E6E83008F9480 /* NSNumberConvertToVND.swift in Sources */,
				8E2D7708203E565D008F9480 /* ViewController.swift in Sources */,
				8E2D7706203E565D008F9480 /* AppDelegate.swift in Sources */,
			);
			runOnlyForDeploymentPostprocessing = 0;
		};
/* End PBXSourcesBuildPhase section */

/* Begin PBXVariantGroup section */
		8E2D7709203E565D008F9480 /* Main.storyboard */ = {
			isa = PBXVariantGroup;
			children = (
				8E2D770A203E565D008F9480 /* Base */,
			);
			name = Main.storyboard;
			sourceTree = "<group>";
		};
		8E2D770E203E565D008F9480 /* LaunchScreen.storyboard */ = {
			isa = PBXVariantGroup;
			children = (
				8E2D770F203E565D008F9480 /* Base */,
			);
			name = LaunchScreen.storyboard;
			sourceTree = "<group>";
		};
/* End PBXVariantGroup section */

/* Begin XCBuildConfiguration section */
		8E2D7712203E565D008F9480 /* Debug */ = {
			isa = XCBuildConfiguration;
			buildSettings = {
				ALWAYS_SEARCH_USER_PATHS = NO;
				CLANG_ANALYZER_NONNULL = YES;
				CLANG_ANALYZER_NUMBER_OBJECT_CONVERSION = YES_AGGRESSIVE;
				CLANG_CXX_LANGUAGE_STANDARD = "gnu++14";
				CLANG_CXX_LIBRARY = "libc++";
				CLANG_ENABLE_MODULES = YES;
				CLANG_ENABLE_OBJC_ARC = YES;
				CLANG_WARN_BLOCK_CAPTURE_AUTORELEASING = YES;
				CLANG_WARN_BOOL_CONVERSION = YES;
				CLANG_WARN_COMMA = YES;
				CLANG_WARN_CONSTANT_CONVERSION = YES;
				CLANG_WARN_DIRECT_OBJC_ISA_USAGE = YES_ERROR;
				CLANG_WARN_DOCUMENTATION_COMMENTS = YES;
				CLANG_WARN_EMPTY_BODY = YES;
				CLANG_WARN_ENUM_CONVERSION = YES;
				CLANG_WARN_INFINITE_RECURSION = YES;
				CLANG_WARN_INT_CONVERSION = YES;
				CLANG_WARN_NON_LITERAL_NULL_CONVERSION = YES;
				CLANG_WARN_OBJC_LITERAL_CONVERSION = YES;
				CLANG_WARN_OBJC_ROOT_CLASS = YES_ERROR;
				CLANG_WARN_RANGE_LOOP_ANALYSIS = YES;
				CLANG_WARN_STRICT_PROTOTYPES = YES;
				CLANG_WARN_SUSPICIOUS_MOVE = YES;
				CLANG_WARN_UNGUARDED_AVAILABILITY = YES_AGGRESSIVE;
				CLANG_WARN_UNREACHABLE_CODE = YES;
				CLANG_WARN__DUPLICATE_METHOD_MATCH = YES;
				CODE_SIGN_IDENTITY = "iPhone Developer";
				COPY_PHASE_STRIP = NO;
				DEBUG_INFORMATION_FORMAT = dwarf;
				ENABLE_STRICT_OBJC_MSGSEND = YES;
				ENABLE_TESTABILITY = YES;
				GCC_C_LANGUAGE_STANDARD = gnu11;
				GCC_DYNAMIC_NO_PIC = NO;
				GCC_NO_COMMON_BLOCKS = YES;
				GCC_OPTIMIZATION_LEVEL = 0;
				GCC_PREPROCESSOR_DEFINITIONS = (
					"DEBUG=1",
					"$(inherited)",
				);
				GCC_WARN_64_TO_32_BIT_CONVERSION = YES;
				GCC_WARN_ABOUT_RETURN_TYPE = YES_ERROR;
				GCC_WARN_UNDECLARED_SELECTOR = YES;
				GCC_WARN_UNINITIALIZED_AUTOS = YES_AGGRESSIVE;
				GCC_WARN_UNUSED_FUNCTION = YES;
				GCC_WARN_UNUSED_VARIABLE = YES;
				IPHONEOS_DEPLOYMENT_TARGET = 11.1;
				MTL_ENABLE_DEBUG_INFO = YES;
				ONLY_ACTIVE_ARCH = YES;
				SDKROOT = iphoneos;
				SWIFT_ACTIVE_COMPILATION_CONDITIONS = DEBUG;
				SWIFT_OPTIMIZATION_LEVEL = "-Onone";
			};
			name = Debug;
		};
		8E2D7713203E565D008F9480 /* Release */ = {
			isa = XCBuildConfiguration;
			buildSettings = {
				ALWAYS_SEARCH_USER_PATHS = NO;
				CLANG_ANALYZER_NONNULL = YES;
				CLANG_ANALYZER_NUMBER_OBJECT_CONVERSION = YES_AGGRESSIVE;
				CLANG_CXX_LANGUAGE_STANDARD = "gnu++14";
				CLANG_CXX_LIBRARY = "libc++";
				CLANG_ENABLE_MODULES = YES;
				CLANG_ENABLE_OBJC_ARC = YES;
				CLANG_WARN_BLOCK_CAPTURE_AUTORELEASING = YES;
				CLANG_WARN_BOOL_CONVERSION = YES;
				CLANG_WARN_COMMA = YES;
				CLANG_WARN_CONSTANT_CONVERSION = YES;
				CLANG_WARN_DIRECT_OBJC_ISA_USAGE = YES_ERROR;
				CLANG_WARN_DOCUMENTATION_COMMENTS = YES;
				CLANG_WARN_EMPTY_BODY = YES;
				CLANG_WARN_ENUM_CONVERSION = YES;
				CLANG_WARN_INFINITE_RECURSION = YES;
				CLANG_WARN_INT_CONVERSION = YES;
				CLANG_WARN_NON_LITERAL_NULL_CONVERSION = YES;
				CLANG_WARN_OBJC_LITERAL_CONVERSION = YES;
				CLANG_WARN_OBJC_ROOT_CLASS = YES_ERROR;
				CLANG_WARN_RANGE_LOOP_ANALYSIS = YES;
				CLANG_WARN_STRICT_PROTOTYPES = YES;
				CLANG_WARN_SUSPICIOUS_MOVE = YES;
				CLANG_WARN_UNGUARDED_AVAILABILITY = YES_AGGRESSIVE;
				CLANG_WARN_UNREACHABLE_CODE = YES;
				CLANG_WARN__DUPLICATE_METHOD_MATCH = YES;
				CODE_SIGN_IDENTITY = "iPhone Developer";
				COPY_PHASE_STRIP = NO;
				DEBUG_INFORMATION_FORMAT = "dwarf-with-dsym";
				ENABLE_NS_ASSERTIONS = NO;
				ENABLE_STRICT_OBJC_MSGSEND = YES;
				GCC_C_LANGUAGE_STANDARD = gnu11;
				GCC_NO_COMMON_BLOCKS = YES;
				GCC_WARN_64_TO_32_BIT_CONVERSION = YES;
				GCC_WARN_ABOUT_RETURN_TYPE = YES_ERROR;
				GCC_WARN_UNDECLARED_SELECTOR = YES;
				GCC_WARN_UNINITIALIZED_AUTOS = YES_AGGRESSIVE;
				GCC_WARN_UNUSED_FUNCTION = YES;
				GCC_WARN_UNUSED_VARIABLE = YES;
				IPHONEOS_DEPLOYMENT_TARGET = 11.1;
				MTL_ENABLE_DEBUG_INFO = NO;
				SDKROOT = iphoneos;
				SWIFT_OPTIMIZATION_LEVEL = "-Owholemodule";
				VALIDATE_PRODUCT = YES;
			};
			name = Release;
		};
		8E2D7715203E565D008F9480 /* Debug */ = {
			isa = XCBuildConfiguration;
			buildSettings = {
				ASSETCATALOG_COMPILER_APPICON_NAME = AppIcon;
				CODE_SIGN_STYLE = Automatic;
				DEVELOPMENT_TEAM = SG8WKWH7TV;
				INFOPLIST_FILE = TinhTienTraGop/Info.plist;
				LD_RUNPATH_SEARCH_PATHS = "$(inherited) @executable_path/Frameworks";
				PRODUCT_BUNDLE_IDENTIFIER = annguyen.TinhTienTraGop;
				PRODUCT_NAME = "$(TARGET_NAME)";
				SWIFT_VERSION = 4.0;
				TARGETED_DEVICE_FAMILY = "1,2";
			};
			name = Debug;
		};
		8E2D7716203E565D008F9480 /* Release */ = {
			isa = XCBuildConfiguration;
			buildSettings = {
				ASSETCATALOG_COMPILER_APPICON_NAME = AppIcon;
				CODE_SIGN_STYLE = Automatic;
				DEVELOPMENT_TEAM = SG8WKWH7TV;
				INFOPLIST_FILE = TinhTienTraGop/Info.plist;
				LD_RUNPATH_SEARCH_PATHS = "$(inherited) @executable_path/Frameworks";
				PRODUCT_BUNDLE_IDENTIFIER = annguyen.TinhTienTraGop;
				PRODUCT_NAME = "$(TARGET_NAME)";
				SWIFT_VERSION = 4.0;
				TARGETED_DEVICE_FAMILY = "1,2";
			};
			name = Release;
		};
/* End XCBuildConfiguration section */

/* Begin XCConfigurationList section */
		8E2D76FD203E565D008F9480 /* Build configuration list for PBXProject "TinhTienTraGop" */ = {
			isa = XCConfigurationList;
			buildConfigurations = (
				8E2D7712203E565D008F9480 /* Debug */,
				8E2D7713203E565D008F9480 /* Release */,
			);
			defaultConfigurationIsVisible = 0;
			defaultConfigurationName = Release;
		};
		8E2D7714203E565D008F9480 /* Build configuration list for PBXNativeTarget "TinhTienTraGop" */ = {
			isa = XCConfigurationList;
			buildConfigurations = (
				8E2D7715203E565D008F9480 /* Debug */,
				8E2D7716203E565D008F9480 /* Release */,
			);
			defaultConfigurationIsVisible = 0;
			defaultConfigurationName = Release;
		};
/* End XCConfigurationList section */
	};
	rootObject = 8E2D76FA203E565D008F9480 /* Project object */;
}
